{
  "object": {
    "pins": [
      {
        "package": "DeviceKit",
        "repositoryURL": "https://github.com/devicekit/DeviceKit.git",
        "state": {
          "branch": null,
          "revision": "4cf9f057db69104851634269f7839f8d0bd346a3",
          "version": "4.3.0"
        }
      },
      {
        "package": "Difference",
        "repositoryURL": "https://github.com/krzysztofzablocki/Difference.git",
        "state": {
          "branch": "master",
          "revision": "6b121174e4a4bfed28ef8bb725156fac6e7c12bc",
          "version": null
        }
      },
      {
        "package": "LoadingSystem",
        "repositoryURL": "https://github.com/ytyubox/LoadingSystem",
        "state": {
          "branch": null,
          "revision": "f7ce8e78755d58ffe6b182cb09202a89c7df6082",
          "version": "1.2.3"
        }
      },
      {
        "package": "TestUtils",
        "repositoryURL": "https://github.com/ytyubox/TestUtils",
        "state": {
          "branch": null,
          "revision": "7068ebf0ddd4c890df9bce5e8e12646f4fea8465",
          "version": "1.1.0"
        }
      }
    ]
  },
  "version": 1
}
