// !$*UTF8*$!
{
	archiveVersion = 1;
	classes = {
	};
	objectVersion = 52;
	objects = {

/* Begin PBXBuildFile section */
		D22E7CC525FDFC3C00A18255 /* TableViewSource_TableViewDisplay.swift in Sources */ = {isa = PBXBuildFile; fileRef = D22E7CC425FDFC3C00A18255 /* TableViewSource_TableViewDisplay.swift */; };
		D230A6BF25FDFB94001DEAFD /* IntroduceSectionController.swift in Sources */ = {isa = PBXBuildFile; fileRef = D230A6BE25FDFB94001DEAFD /* IntroduceSectionController.swift */; };
		D2525AF225FCE8D00079B0C8 /* FontCellController.swift in Sources */ = {isa = PBXBuildFile; fileRef = D2525AF125FCE8D00079B0C8 /* FontCellController.swift */; };
		D2525AF425FCE9020079B0C8 /* FontViewController.swift in Sources */ = {isa = PBXBuildFile; fileRef = D2525AED25FCE80A0079B0C8 /* FontViewController.swift */; };
		D2525B0225FCE9220079B0C8 /* Font.storyboard in Resources */ = {isa = PBXBuildFile; fileRef = D2525AF925FCE9220079B0C8 /* Font.storyboard */; };
		D2525B0425FCE9220079B0C8 /* UIRefreshControl+Helpers.swift in Sources */ = {isa = PBXBuildFile; fileRef = D2525AFC25FCE9220079B0C8 /* UIRefreshControl+Helpers.swift */; };
		D2525B0525FCE9220079B0C8 /* UITableView+HeaderSizing.swift in Sources */ = {isa = PBXBuildFile; fileRef = D2525AFD25FCE9220079B0C8 /* UITableView+HeaderSizing.swift */; };
		D2525B0625FCE9220079B0C8 /* UIView+Shimmering.swift in Sources */ = {isa = PBXBuildFile; fileRef = D2525AFE25FCE9220079B0C8 /* UIView+Shimmering.swift */; };
		D2525B0725FCE9220079B0C8 /* UITableView+Dequeueing.swift .swift in Sources */ = {isa = PBXBuildFile; fileRef = D2525AFF25FCE9220079B0C8 /* UITableView+Dequeueing.swift .swift */; };
		D2525B0825FCE9220079B0C8 /* ErrorView.swift in Sources */ = {isa = PBXBuildFile; fileRef = D2525B0025FCE9220079B0C8 /* ErrorView.swift */; };
		D2525B0925FCE9220079B0C8 /* FontCell.swift in Sources */ = {isa = PBXBuildFile; fileRef = D2525B0125FCE9220079B0C8 /* FontCell.swift */; };
		D29744FD25FDE5090033A5B6 /* FontGroupController.swift in Sources */ = {isa = PBXBuildFile; fileRef = D29744FC25FDE5090033A5B6 /* FontGroupController.swift */; };
		D2CCCBB525FCE3160071E319 /* FontPickeriOS.framework in Frameworks */ = {isa = PBXBuildFile; fileRef = D2CCCBAB25FCE3160071E319 /* FontPickeriOS.framework */; };
		D2CCCBBA25FCE3160071E319 /* FontPickerSnapshotTests.swift in Sources */ = {isa = PBXBuildFile; fileRef = D2CCCBB925FCE3160071E319 /* FontPickerSnapshotTests.swift */; };
		D2CCCBD225FCE4860071E319 /* TestUtils in Frameworks */ = {isa = PBXBuildFile; productRef = D2CCCBD125FCE4860071E319 /* TestUtils */; };
		D2CCCBD325FCE4860071E319 /* TestUtils in Embed Frameworks */ = {isa = PBXBuildFile; productRef = D2CCCBD125FCE4860071E319 /* TestUtils */; settings = {ATTRIBUTES = (CodeSignOnCopy, ); }; };
		D2CCCBD825FCE4E20071E319 /* FontPicker in Frameworks */ = {isa = PBXBuildFile; productRef = D2CCCBD725FCE4E20071E319 /* FontPicker */; };
/* End PBXBuildFile section */

/* Begin PBXContainerItemProxy section */
		D2CCCBB625FCE3160071E319 /* PBXContainerItemProxy */ = {
			isa = PBXContainerItemProxy;
			containerPortal = D2CCCBA225FCE3160071E319 /* Project object */;
			proxyType = 1;
			remoteGlobalIDString = D2CCCBAA25FCE3160071E319;
			remoteInfo = FontAppiOS;
		};
/* End PBXContainerItemProxy section */

/* Begin PBXCopyFilesBuildPhase section */
		D2CCCBD425FCE4860071E319 /* Embed Frameworks */ = {
			isa = PBXCopyFilesBuildPhase;
			buildActionMask = 2147483647;
			dstPath = "";
			dstSubfolderSpec = 10;
			files = (
				D2CCCBD325FCE4860071E319 /* TestUtils in Embed Frameworks */,
			);
			name = "Embed Frameworks";
			runOnlyForDeploymentPostprocessing = 0;
		};
/* End PBXCopyFilesBuildPhase section */

/* Begin PBXFileReference section */
		D22E7CC425FDFC3C00A18255 /* TableViewSource_TableViewDisplay.swift */ = {isa = PBXFileReference; lastKnownFileType = sourcecode.swift; path = TableViewSource_TableViewDisplay.swift; sourceTree = "<group>"; };
		D22E7D1E25FE077000A18255 /* FONT_WITH_CONTENT_dark_accessibilityExtraLarge-Simulator (iPhone 12).png */ = {isa = PBXFileReference; lastKnownFileType = image.png; path = "FONT_WITH_CONTENT_dark_accessibilityExtraLarge-Simulator (iPhone 12).png"; sourceTree = "<group>"; };
		D22E7D1F25FE077000A18255 /* FONT_WITH_FAILED_IMAGE_LOADING_dark-Simulator (iPhone 12).png */ = {isa = PBXFileReference; lastKnownFileType = image.png; path = "FONT_WITH_FAILED_IMAGE_LOADING_dark-Simulator (iPhone 12).png"; sourceTree = "<group>"; };
		D22E7D2025FE077000A18255 /* FONT_WITH_FAILED_IMAGE_LOADING_light-Simulator (iPhone 12).png */ = {isa = PBXFileReference; lastKnownFileType = image.png; path = "FONT_WITH_FAILED_IMAGE_LOADING_light-Simulator (iPhone 12).png"; sourceTree = "<group>"; };
		D22E7D2125FE077000A18255 /* FONT_WITH_CONTENT_light_accessibilityExtraExtraExtraLarge-Simulator (iPhone 12).png */ = {isa = PBXFileReference; lastKnownFileType = image.png; path = "FONT_WITH_CONTENT_light_accessibilityExtraExtraExtraLarge-Simulator (iPhone 12).png"; sourceTree = "<group>"; };
		D22E7D2225FE077000A18255 /* EMPTY_FONT_light-Simulator (iPhone 12).png */ = {isa = PBXFileReference; lastKnownFileType = image.png; path = "EMPTY_FONT_light-Simulator (iPhone 12).png"; sourceTree = "<group>"; };
		D22E7D2325FE077000A18255 /* FONT_WITH_CONTENT_dark_extraExtraExtraLarge-Simulator (iPhone 12).png */ = {isa = PBXFileReference; lastKnownFileType = image.png; path = "FONT_WITH_CONTENT_dark_extraExtraExtraLarge-Simulator (iPhone 12).png"; sourceTree = "<group>"; };
		D22E7D2425FE077000A18255 /* FONT_WITH_CONTENT_dark-Simulator (iPhone 12).png */ = {isa = PBXFileReference; lastKnownFileType = image.png; path = "FONT_WITH_CONTENT_dark-Simulator (iPhone 12).png"; sourceTree = "<group>"; };
		D22E7D2525FE077000A18255 /* FONT_WITH_CONTENT_light_extraExtraExtraLarge-Simulator (iPhone 12).png */ = {isa = PBXFileReference; lastKnownFileType = image.png; path = "FONT_WITH_CONTENT_light_extraExtraExtraLarge-Simulator (iPhone 12).png"; sourceTree = "<group>"; };
		D22E7D2625FE077000A18255 /* FONT_WITH_CONTENT_dark_accessibilityExtraExtraExtraLarge-Simulator (iPhone 12).png */ = {isa = PBXFileReference; lastKnownFileType = image.png; path = "FONT_WITH_CONTENT_dark_accessibilityExtraExtraExtraLarge-Simulator (iPhone 12).png"; sourceTree = "<group>"; };
		D22E7D2725FE077000A18255 /* FONT_WITH_ERROR_MESSAGE_light-Simulator (iPhone 12).png */ = {isa = PBXFileReference; lastKnownFileType = image.png; path = "FONT_WITH_ERROR_MESSAGE_light-Simulator (iPhone 12).png"; sourceTree = "<group>"; };
		D22E7D2825FE077000A18255 /* FONT_WITH_ERROR_MESSAGE_dark-Simulator (iPhone 12).png */ = {isa = PBXFileReference; lastKnownFileType = image.png; path = "FONT_WITH_ERROR_MESSAGE_dark-Simulator (iPhone 12).png"; sourceTree = "<group>"; };
		D22E7D2925FE077000A18255 /* FONT_WITH_CONTENT_light-Simulator (iPhone 12).png */ = {isa = PBXFileReference; lastKnownFileType = image.png; path = "FONT_WITH_CONTENT_light-Simulator (iPhone 12).png"; sourceTree = "<group>"; };
		D22E7D2A25FE077000A18255 /* EMPTY_FONT_dark-Simulator (iPhone 12).png */ = {isa = PBXFileReference; lastKnownFileType = image.png; path = "EMPTY_FONT_dark-Simulator (iPhone 12).png"; sourceTree = "<group>"; };
		D22E7D2B25FE077000A18255 /* FONT_WITH_CONTENT_light_accessibilityExtraLarge-Simulator (iPhone 12).png */ = {isa = PBXFileReference; lastKnownFileType = image.png; path = "FONT_WITH_CONTENT_light_accessibilityExtraLarge-Simulator (iPhone 12).png"; sourceTree = "<group>"; };
		D230A6BE25FDFB94001DEAFD /* IntroduceSectionController.swift */ = {isa = PBXFileReference; lastKnownFileType = sourcecode.swift; path = IntroduceSectionController.swift; sourceTree = "<group>"; };
		D2525AED25FCE80A0079B0C8 /* FontViewController.swift */ = {isa = PBXFileReference; lastKnownFileType = sourcecode.swift; path = FontViewController.swift; sourceTree = "<group>"; };
		D2525AF125FCE8D00079B0C8 /* FontCellController.swift */ = {isa = PBXFileReference; lastKnownFileType = sourcecode.swift; path = FontCellController.swift; sourceTree = "<group>"; };
		D2525AF925FCE9220079B0C8 /* Font.storyboard */ = {isa = PBXFileReference; fileEncoding = 4; lastKnownFileType = file.storyboard; path = Font.storyboard; sourceTree = "<group>"; };
		D2525AFC25FCE9220079B0C8 /* UIRefreshControl+Helpers.swift */ = {isa = PBXFileReference; fileEncoding = 4; lastKnownFileType = sourcecode.swift; path = "UIRefreshControl+Helpers.swift"; sourceTree = "<group>"; };
		D2525AFD25FCE9220079B0C8 /* UITableView+HeaderSizing.swift */ = {isa = PBXFileReference; fileEncoding = 4; lastKnownFileType = sourcecode.swift; path = "UITableView+HeaderSizing.swift"; sourceTree = "<group>"; };
		D2525AFE25FCE9220079B0C8 /* UIView+Shimmering.swift */ = {isa = PBXFileReference; fileEncoding = 4; lastKnownFileType = sourcecode.swift; path = "UIView+Shimmering.swift"; sourceTree = "<group>"; };
		D2525AFF25FCE9220079B0C8 /* UITableView+Dequeueing.swift .swift */ = {isa = PBXFileReference; fileEncoding = 4; lastKnownFileType = sourcecode.swift; path = "UITableView+Dequeueing.swift .swift"; sourceTree = "<group>"; };
		D2525B0025FCE9220079B0C8 /* ErrorView.swift */ = {isa = PBXFileReference; fileEncoding = 4; lastKnownFileType = sourcecode.swift; path = ErrorView.swift; sourceTree = "<group>"; };
		D2525B0125FCE9220079B0C8 /* FontCell.swift */ = {isa = PBXFileReference; fileEncoding = 4; lastKnownFileType = sourcecode.swift; path = FontCell.swift; sourceTree = "<group>"; };
		D29744FC25FDE5090033A5B6 /* FontGroupController.swift */ = {isa = PBXFileReference; lastKnownFileType = sourcecode.swift; path = FontGroupController.swift; sourceTree = "<group>"; };
		D2CCCBAB25FCE3160071E319 /* FontPickeriOS.framework */ = {isa = PBXFileReference; explicitFileType = wrapper.framework; includeInIndex = 0; path = FontPickeriOS.framework; sourceTree = BUILT_PRODUCTS_DIR; };
		D2CCCBAF25FCE3160071E319 /* Info.plist */ = {isa = PBXFileReference; lastKnownFileType = text.plist.xml; path = Info.plist; sourceTree = "<group>"; };
		D2CCCBB425FCE3160071E319 /* FontPickeriOSTests.xctest */ = {isa = PBXFileReference; explicitFileType = wrapper.cfbundle; includeInIndex = 0; path = FontPickeriOSTests.xctest; sourceTree = BUILT_PRODUCTS_DIR; };
		D2CCCBB925FCE3160071E319 /* FontPickerSnapshotTests.swift */ = {isa = PBXFileReference; lastKnownFileType = sourcecode.swift; path = FontPickerSnapshotTests.swift; sourceTree = "<group>"; };
		D2CCCBBB25FCE3160071E319 /* Info.plist */ = {isa = PBXFileReference; lastKnownFileType = text.plist.xml; path = Info.plist; sourceTree = "<group>"; };
/* End PBXFileReference section */

/* Begin PBXFrameworksBuildPhase section */
		D2CCCBA825FCE3160071E319 /* Frameworks */ = {
			isa = PBXFrameworksBuildPhase;
			buildActionMask = 2147483647;
			files = (
				D2CCCBD825FCE4E20071E319 /* FontPicker in Frameworks */,
			);
			runOnlyForDeploymentPostprocessing = 0;
		};
		D2CCCBB125FCE3160071E319 /* Frameworks */ = {
			isa = PBXFrameworksBuildPhase;
			buildActionMask = 2147483647;
			files = (
				D2CCCBD225FCE4860071E319 /* TestUtils in Frameworks */,
				D2CCCBB525FCE3160071E319 /* FontPickeriOS.framework in Frameworks */,
			);
			runOnlyForDeploymentPostprocessing = 0;
		};
/* End PBXFrameworksBuildPhase section */

/* Begin PBXGroup section */
		D206764F25FCECA80003AAA7 /* snapshots */ = {
			isa = PBXGroup;
			children = (
				D22E7CC825FE027700A18255 /* Simulator (iPhone 12) */,
			);
			path = snapshots;
			sourceTree = "<group>";
		};
		D22E7CC225FDFC1300A18255 /* Helper */ = {
			isa = PBXGroup;
			children = (
				D22E7CC425FDFC3C00A18255 /* TableViewSource_TableViewDisplay.swift */,
			);
			path = Helper;
			sourceTree = "<group>";
		};
		D22E7CC825FE027700A18255 /* Simulator (iPhone 12) */ = {
			isa = PBXGroup;
			children = (
				D22E7D2A25FE077000A18255 /* EMPTY_FONT_dark-Simulator (iPhone 12).png */,
				D22E7D2225FE077000A18255 /* EMPTY_FONT_light-Simulator (iPhone 12).png */,
				D22E7D2625FE077000A18255 /* FONT_WITH_CONTENT_dark_accessibilityExtraExtraExtraLarge-Simulator (iPhone 12).png */,
				D22E7D1E25FE077000A18255 /* FONT_WITH_CONTENT_dark_accessibilityExtraLarge-Simulator (iPhone 12).png */,
				D22E7D2325FE077000A18255 /* FONT_WITH_CONTENT_dark_extraExtraExtraLarge-Simulator (iPhone 12).png */,
				D22E7D2425FE077000A18255 /* FONT_WITH_CONTENT_dark-Simulator (iPhone 12).png */,
				D22E7D2125FE077000A18255 /* FONT_WITH_CONTENT_light_accessibilityExtraExtraExtraLarge-Simulator (iPhone 12).png */,
				D22E7D2B25FE077000A18255 /* FONT_WITH_CONTENT_light_accessibilityExtraLarge-Simulator (iPhone 12).png */,
				D22E7D2525FE077000A18255 /* FONT_WITH_CONTENT_light_extraExtraExtraLarge-Simulator (iPhone 12).png */,
				D22E7D2925FE077000A18255 /* FONT_WITH_CONTENT_light-Simulator (iPhone 12).png */,
				D22E7D2825FE077000A18255 /* FONT_WITH_ERROR_MESSAGE_dark-Simulator (iPhone 12).png */,
				D22E7D2725FE077000A18255 /* FONT_WITH_ERROR_MESSAGE_light-Simulator (iPhone 12).png */,
				D22E7D1F25FE077000A18255 /* FONT_WITH_FAILED_IMAGE_LOADING_dark-Simulator (iPhone 12).png */,
				D22E7D2025FE077000A18255 /* FONT_WITH_FAILED_IMAGE_LOADING_light-Simulator (iPhone 12).png */,
			);
			path = "Simulator (iPhone 12)";
			sourceTree = "<group>";
		};
		D2525AF725FCE9060079B0C8 /* ViewController */ = {
			isa = PBXGroup;
			children = (
				D22E7CC225FDFC1300A18255 /* Helper */,
				D2525AED25FCE80A0079B0C8 /* FontViewController.swift */,
				D230A6BE25FDFB94001DEAFD /* IntroduceSectionController.swift */,
				D2525AF125FCE8D00079B0C8 /* FontCellController.swift */,
				D29744FC25FDE5090033A5B6 /* FontGroupController.swift */,
			);
			path = ViewController;
			sourceTree = "<group>";
		};
		D2525AFA25FCE9220079B0C8 /* Helpers */ = {
			isa = PBXGroup;
			children = (
				D2525AFC25FCE9220079B0C8 /* UIRefreshControl+Helpers.swift */,
				D2525AFD25FCE9220079B0C8 /* UITableView+HeaderSizing.swift */,
				D2525AFE25FCE9220079B0C8 /* UIView+Shimmering.swift */,
				D2525AFF25FCE9220079B0C8 /* UITableView+Dequeueing.swift .swift */,
			);
			path = Helpers;
			sourceTree = "<group>";
		};
		D2525B0B25FCE92A0079B0C8 /* View */ = {
			isa = PBXGroup;
			children = (
				D2525B0025FCE9220079B0C8 /* ErrorView.swift */,
				D2525AF925FCE9220079B0C8 /* Font.storyboard */,
				D29744F725FDE2110033A5B6 /* New Group */,
				D2525B0125FCE9220079B0C8 /* FontCell.swift */,
				D2525AFA25FCE9220079B0C8 /* Helpers */,
			);
			path = View;
			sourceTree = "<group>";
		};
		D29744F725FDE2110033A5B6 /* New Group */ = {
			isa = PBXGroup;
			children = (
			);
			path = "New Group";
			sourceTree = "<group>";
		};
		D2CCCBA125FCE3160071E319 = {
			isa = PBXGroup;
			children = (
				D2CCCBAD25FCE3160071E319 /* FontPickeriOS */,
				D2CCCBB825FCE3160071E319 /* FontPickeriOSTests */,
				D2CCCBAC25FCE3160071E319 /* Products */,
				D2CCCBD625FCE4E20071E319 /* Frameworks */,
			);
			sourceTree = "<group>";
		};
		D2CCCBAC25FCE3160071E319 /* Products */ = {
			isa = PBXGroup;
			children = (
				D2CCCBAB25FCE3160071E319 /* FontPickeriOS.framework */,
				D2CCCBB425FCE3160071E319 /* FontPickeriOSTests.xctest */,
			);
			name = Products;
			sourceTree = "<group>";
		};
		D2CCCBAD25FCE3160071E319 /* FontPickeriOS */ = {
			isa = PBXGroup;
			children = (
				D2CCCBAF25FCE3160071E319 /* Info.plist */,
				D2525B0B25FCE92A0079B0C8 /* View */,
				D2525AF725FCE9060079B0C8 /* ViewController */,
			);
			path = FontPickeriOS;
			sourceTree = "<group>";
		};
		D2CCCBB825FCE3160071E319 /* FontPickeriOSTests */ = {
			isa = PBXGroup;
			children = (
				D2CCCBB925FCE3160071E319 /* FontPickerSnapshotTests.swift */,
				D206764F25FCECA80003AAA7 /* snapshots */,
				D2CCCBBB25FCE3160071E319 /* Info.plist */,
			);
			path = FontPickeriOSTests;
			sourceTree = "<group>";
		};
		D2CCCBD625FCE4E20071E319 /* Frameworks */ = {
			isa = PBXGroup;
			children = (
			);
			name = Frameworks;
			sourceTree = "<group>";
		};
/* End PBXGroup section */

/* Begin PBXHeadersBuildPhase section */
		D2CCCBA625FCE3160071E319 /* Headers */ = {
			isa = PBXHeadersBuildPhase;
			buildActionMask = 2147483647;
			files = (
			);
			runOnlyForDeploymentPostprocessing = 0;
		};
/* End PBXHeadersBuildPhase section */

/* Begin PBXNativeTarget section */
		D2CCCBAA25FCE3160071E319 /* FontPickeriOS */ = {
			isa = PBXNativeTarget;
			buildConfigurationList = D2CCCBBF25FCE3160071E319 /* Build configuration list for PBXNativeTarget "FontPickeriOS" */;
			buildPhases = (
				D2CCCBA625FCE3160071E319 /* Headers */,
				D2CCCBA725FCE3160071E319 /* Sources */,
				D2CCCBA825FCE3160071E319 /* Frameworks */,
				D2CCCBA925FCE3160071E319 /* Resources */,
			);
			buildRules = (
			);
			dependencies = (
			);
			name = FontPickeriOS;
			packageProductDependencies = (
				D2CCCBD725FCE4E20071E319 /* FontPicker */,
			);
			productName = FontAppiOS;
			productReference = D2CCCBAB25FCE3160071E319 /* FontPickeriOS.framework */;
			productType = "com.apple.product-type.framework";
		};
		D2CCCBB325FCE3160071E319 /* FontPickeriOSTests */ = {
			isa = PBXNativeTarget;
			buildConfigurationList = D2CCCBC225FCE3160071E319 /* Build configuration list for PBXNativeTarget "FontPickeriOSTests" */;
			buildPhases = (
				D2CCCBB025FCE3160071E319 /* Sources */,
				D2CCCBB125FCE3160071E319 /* Frameworks */,
				D2CCCBB225FCE3160071E319 /* Resources */,
				D2CCCBD425FCE4860071E319 /* Embed Frameworks */,
			);
			buildRules = (
			);
			dependencies = (
				D2CCCBB725FCE3160071E319 /* PBXTargetDependency */,
			);
			name = FontPickeriOSTests;
			packageProductDependencies = (
				D2CCCBD125FCE4860071E319 /* TestUtils */,
			);
			productName = FontAppiOSTests;
			productReference = D2CCCBB425FCE3160071E319 /* FontPickeriOSTests.xctest */;
			productType = "com.apple.product-type.bundle.unit-test";
		};
/* End PBXNativeTarget section */

/* Begin PBXProject section */
		D2CCCBA225FCE3160071E319 /* Project object */ = {
			isa = PBXProject;
			attributes = {
				LastSwiftUpdateCheck = 1240;
				LastUpgradeCheck = 1240;
				TargetAttributes = {
					D2CCCBAA25FCE3160071E319 = {
						CreatedOnToolsVersion = 12.4;
						LastSwiftMigration = 1240;
					};
					D2CCCBB325FCE3160071E319 = {
						CreatedOnToolsVersion = 12.4;
					};
				};
			};
			buildConfigurationList = D2CCCBA525FCE3160071E319 /* Build configuration list for PBXProject "FontPickeriOS" */;
			compatibilityVersion = "Xcode 9.3";
			developmentRegion = en;
			hasScannedForEncodings = 0;
			knownRegions = (
				en,
				Base,
			);
			mainGroup = D2CCCBA125FCE3160071E319;
			packageReferences = (
				D2CCCBD025FCE4860071E319 /* XCRemoteSwiftPackageReference "TestUtils" */,
			);
			productRefGroup = D2CCCBAC25FCE3160071E319 /* Products */;
			projectDirPath = "";
			projectRoot = "";
			targets = (
				D2CCCBAA25FCE3160071E319 /* FontPickeriOS */,
				D2CCCBB325FCE3160071E319 /* FontPickeriOSTests */,
			);
		};
/* End PBXProject section */

/* Begin PBXResourcesBuildPhase section */
		D2CCCBA925FCE3160071E319 /* Resources */ = {
			isa = PBXResourcesBuildPhase;
			buildActionMask = 2147483647;
			files = (
				D2525B0225FCE9220079B0C8 /* Font.storyboard in Resources */,
			);
			runOnlyForDeploymentPostprocessing = 0;
		};
		D2CCCBB225FCE3160071E319 /* Resources */ = {
			isa = PBXResourcesBuildPhase;
			buildActionMask = 2147483647;
			files = (
			);
			runOnlyForDeploymentPostprocessing = 0;
		};
/* End PBXResourcesBuildPhase section */

/* Begin PBXSourcesBuildPhase section */
		D2CCCBA725FCE3160071E319 /* Sources */ = {
			isa = PBXSourcesBuildPhase;
			buildActionMask = 2147483647;
			files = (
				D2525B0525FCE9220079B0C8 /* UITableView+HeaderSizing.swift in Sources */,
				D230A6BF25FDFB94001DEAFD /* IntroduceSectionController.swift in Sources */,
				D2525B0725FCE9220079B0C8 /* UITableView+Dequeueing.swift .swift in Sources */,
				D2525AF225FCE8D00079B0C8 /* FontCellController.swift in Sources */,
				D2525B0425FCE9220079B0C8 /* UIRefreshControl+Helpers.swift in Sources */,
				D29744FD25FDE5090033A5B6 /* FontGroupController.swift in Sources */,
				D2525B0625FCE9220079B0C8 /* UIView+Shimmering.swift in Sources */,
				D2525AF425FCE9020079B0C8 /* FontViewController.swift in Sources */,
				D2525B0825FCE9220079B0C8 /* ErrorView.swift in Sources */,
				D22E7CC525FDFC3C00A18255 /* TableViewSource_TableViewDisplay.swift in Sources */,
				D2525B0925FCE9220079B0C8 /* FontCell.swift in Sources */,
			);
			runOnlyForDeploymentPostprocessing = 0;
		};
		D2CCCBB025FCE3160071E319 /* Sources */ = {
			isa = PBXSourcesBuildPhase;
			buildActionMask = 2147483647;
			files = (
				D2CCCBBA25FCE3160071E319 /* FontPickerSnapshotTests.swift in Sources */,
			);
			runOnlyForDeploymentPostprocessing = 0;
		};
/* End PBXSourcesBuildPhase section */

/* Begin PBXTargetDependency section */
		D2CCCBB725FCE3160071E319 /* PBXTargetDependency */ = {
			isa = PBXTargetDependency;
			target = D2CCCBAA25FCE3160071E319 /* FontPickeriOS */;
			targetProxy = D2CCCBB625FCE3160071E319 /* PBXContainerItemProxy */;
		};
/* End PBXTargetDependency section */

/* Begin XCBuildConfiguration section */
		D2CCCBBD25FCE3160071E319 /* Debug */ = {
			isa = XCBuildConfiguration;
			buildSettings = {
				ALWAYS_SEARCH_USER_PATHS = NO;
				CLANG_ANALYZER_NONNULL = YES;
				CLANG_ANALYZER_NUMBER_OBJECT_CONVERSION = YES_AGGRESSIVE;
				CLANG_CXX_LANGUAGE_STANDARD = "gnu++14";
				CLANG_CXX_LIBRARY = "libc++";
				CLANG_ENABLE_MODULES = YES;
				CLANG_ENABLE_OBJC_ARC = YES;
				CLANG_ENABLE_OBJC_WEAK = YES;
				CLANG_WARN_BLOCK_CAPTURE_AUTORELEASING = YES;
				CLANG_WARN_BOOL_CONVERSION = YES;
				CLANG_WARN_COMMA = YES;
				CLANG_WARN_CONSTANT_CONVERSION = YES;
				CLANG_WARN_DEPRECATED_OBJC_IMPLEMENTATIONS = YES;
				CLANG_WARN_DIRECT_OBJC_ISA_USAGE = YES_ERROR;
				CLANG_WARN_DOCUMENTATION_COMMENTS = YES;
				CLANG_WARN_EMPTY_BODY = YES;
				CLANG_WARN_ENUM_CONVERSION = YES;
				CLANG_WARN_INFINITE_RECURSION = YES;
				CLANG_WARN_INT_CONVERSION = YES;
				CLANG_WARN_NON_LITERAL_NULL_CONVERSION = YES;
				CLANG_WARN_OBJC_IMPLICIT_RETAIN_SELF = YES;
				CLANG_WARN_OBJC_LITERAL_CONVERSION = YES;
				CLANG_WARN_OBJC_ROOT_CLASS = YES_ERROR;
				CLANG_WARN_QUOTED_INCLUDE_IN_FRAMEWORK_HEADER = YES;
				CLANG_WARN_RANGE_LOOP_ANALYSIS = YES;
				CLANG_WARN_STRICT_PROTOTYPES = YES;
				CLANG_WARN_SUSPICIOUS_MOVE = YES;
				CLANG_WARN_UNGUARDED_AVAILABILITY = YES_AGGRESSIVE;
				CLANG_WARN_UNREACHABLE_CODE = YES;
				CLANG_WARN__DUPLICATE_METHOD_MATCH = YES;
				COPY_PHASE_STRIP = NO;
				CURRENT_PROJECT_VERSION = 1;
				DEBUG_INFORMATION_FORMAT = dwarf;
				ENABLE_STRICT_OBJC_MSGSEND = YES;
				ENABLE_TESTABILITY = YES;
				GCC_C_LANGUAGE_STANDARD = gnu11;
				GCC_DYNAMIC_NO_PIC = NO;
				GCC_NO_COMMON_BLOCKS = YES;
				GCC_OPTIMIZATION_LEVEL = 0;
				GCC_PREPROCESSOR_DEFINITIONS = (
					"DEBUG=1",
					"$(inherited)",
				);
				GCC_WARN_64_TO_32_BIT_CONVERSION = YES;
				GCC_WARN_ABOUT_RETURN_TYPE = YES_ERROR;
				GCC_WARN_UNDECLARED_SELECTOR = YES;
				GCC_WARN_UNINITIALIZED_AUTOS = YES_AGGRESSIVE;
				GCC_WARN_UNUSED_FUNCTION = YES;
				GCC_WARN_UNUSED_VARIABLE = YES;
				IPHONEOS_DEPLOYMENT_TARGET = 13.0;
				MTL_ENABLE_DEBUG_INFO = INCLUDE_SOURCE;
				MTL_FAST_MATH = YES;
				ONLY_ACTIVE_ARCH = YES;
				SDKROOT = iphoneos;
				SWIFT_ACTIVE_COMPILATION_CONDITIONS = DEBUG;
				SWIFT_OPTIMIZATION_LEVEL = "-Onone";
				VERSIONING_SYSTEM = "apple-generic";
				VERSION_INFO_PREFIX = "";
			};
			name = Debug;
		};
		D2CCCBBE25FCE3160071E319 /* Release */ = {
			isa = XCBuildConfiguration;
			buildSettings = {
				ALWAYS_SEARCH_USER_PATHS = NO;
				CLANG_ANALYZER_NONNULL = YES;
				CLANG_ANALYZER_NUMBER_OBJECT_CONVERSION = YES_AGGRESSIVE;
				CLANG_CXX_LANGUAGE_STANDARD = "gnu++14";
				CLANG_CXX_LIBRARY = "libc++";
				CLANG_ENABLE_MODULES = YES;
				CLANG_ENABLE_OBJC_ARC = YES;
				CLANG_ENABLE_OBJC_WEAK = YES;
				CLANG_WARN_BLOCK_CAPTURE_AUTORELEASING = YES;
				CLANG_WARN_BOOL_CONVERSION = YES;
				CLANG_WARN_COMMA = YES;
				CLANG_WARN_CONSTANT_CONVERSION = YES;
				CLANG_WARN_DEPRECATED_OBJC_IMPLEMENTATIONS = YES;
				CLANG_WARN_DIRECT_OBJC_ISA_USAGE = YES_ERROR;
				CLANG_WARN_DOCUMENTATION_COMMENTS = YES;
				CLANG_WARN_EMPTY_BODY = YES;
				CLANG_WARN_ENUM_CONVERSION = YES;
				CLANG_WARN_INFINITE_RECURSION = YES;
				CLANG_WARN_INT_CONVERSION = YES;
				CLANG_WARN_NON_LITERAL_NULL_CONVERSION = YES;
				CLANG_WARN_OBJC_IMPLICIT_RETAIN_SELF = YES;
				CLANG_WARN_OBJC_LITERAL_CONVERSION = YES;
				CLANG_WARN_OBJC_ROOT_CLASS = YES_ERROR;
				CLANG_WARN_QUOTED_INCLUDE_IN_FRAMEWORK_HEADER = YES;
				CLANG_WARN_RANGE_LOOP_ANALYSIS = YES;
				CLANG_WARN_STRICT_PROTOTYPES = YES;
				CLANG_WARN_SUSPICIOUS_MOVE = YES;
				CLANG_WARN_UNGUARDED_AVAILABILITY = YES_AGGRESSIVE;
				CLANG_WARN_UNREACHABLE_CODE = YES;
				CLANG_WARN__DUPLICATE_METHOD_MATCH = YES;
				COPY_PHASE_STRIP = NO;
				CURRENT_PROJECT_VERSION = 1;
				DEBUG_INFORMATION_FORMAT = "dwarf-with-dsym";
				ENABLE_NS_ASSERTIONS = NO;
				ENABLE_STRICT_OBJC_MSGSEND = YES;
				GCC_C_LANGUAGE_STANDARD = gnu11;
				GCC_NO_COMMON_BLOCKS = YES;
				GCC_WARN_64_TO_32_BIT_CONVERSION = YES;
				GCC_WARN_ABOUT_RETURN_TYPE = YES_ERROR;
				GCC_WARN_UNDECLARED_SELECTOR = YES;
				GCC_WARN_UNINITIALIZED_AUTOS = YES_AGGRESSIVE;
				GCC_WARN_UNUSED_FUNCTION = YES;
				GCC_WARN_UNUSED_VARIABLE = YES;
				IPHONEOS_DEPLOYMENT_TARGET = 13.0;
				MTL_ENABLE_DEBUG_INFO = NO;
				MTL_FAST_MATH = YES;
				SDKROOT = iphoneos;
				SWIFT_COMPILATION_MODE = wholemodule;
				SWIFT_OPTIMIZATION_LEVEL = "-O";
				VALIDATE_PRODUCT = YES;
				VERSIONING_SYSTEM = "apple-generic";
				VERSION_INFO_PREFIX = "";
			};
			name = Release;
		};
		D2CCCBC025FCE3160071E319 /* Debug */ = {
			isa = XCBuildConfiguration;
			buildSettings = {
				CLANG_ENABLE_MODULES = YES;
				CODE_SIGN_STYLE = Automatic;
				DEFINES_MODULE = YES;
				DEVELOPMENT_TEAM = "";
				DYLIB_COMPATIBILITY_VERSION = 1;
				DYLIB_CURRENT_VERSION = 1;
				DYLIB_INSTALL_NAME_BASE = "@rpath";
				INFOPLIST_FILE = FontPickeriOS/Info.plist;
				INSTALL_PATH = "$(LOCAL_LIBRARY_DIR)/Frameworks";
				LD_RUNPATH_SEARCH_PATHS = (
					"$(inherited)",
					"@executable_path/Frameworks",
					"@loader_path/Frameworks",
				);
				PRODUCT_BUNDLE_IDENTIFIER = com.inkinyu.FontPirkeciOS;
				PRODUCT_NAME = "$(TARGET_NAME:c99extidentifier)";
				SKIP_INSTALL = YES;
				SUPPORTS_MACCATALYST = NO;
				SWIFT_OPTIMIZATION_LEVEL = "-Onone";
				SWIFT_VERSION = 5.0;
				TARGETED_DEVICE_FAMILY = "1,2";
			};
			name = Debug;
		};
		D2CCCBC125FCE3160071E319 /* Release */ = {
			isa = XCBuildConfiguration;
			buildSettings = {
				CLANG_ENABLE_MODULES = YES;
				CODE_SIGN_STYLE = Automatic;
				DEFINES_MODULE = YES;
				DEVELOPMENT_TEAM = "";
				DYLIB_COMPATIBILITY_VERSION = 1;
				DYLIB_CURRENT_VERSION = 1;
				DYLIB_INSTALL_NAME_BASE = "@rpath";
				INFOPLIST_FILE = FontPickeriOS/Info.plist;
				INSTALL_PATH = "$(LOCAL_LIBRARY_DIR)/Frameworks";
				LD_RUNPATH_SEARCH_PATHS = (
					"$(inherited)",
					"@executable_path/Frameworks",
					"@loader_path/Frameworks",
				);
				PRODUCT_BUNDLE_IDENTIFIER = com.inkinyu.FontPirkeciOS;
				PRODUCT_NAME = "$(TARGET_NAME:c99extidentifier)";
				SKIP_INSTALL = YES;
				SUPPORTS_MACCATALYST = NO;
				SWIFT_VERSION = 5.0;
				TARGETED_DEVICE_FAMILY = "1,2";
			};
			name = Release;
		};
		D2CCCBC325FCE3160071E319 /* Debug */ = {
			isa = XCBuildConfiguration;
			buildSettings = {
				ALWAYS_EMBED_SWIFT_STANDARD_LIBRARIES = YES;
				CODE_SIGN_STYLE = Automatic;
				DEVELOPMENT_TEAM = "";
				INFOPLIST_FILE = FontPickeriOSTests/Info.plist;
				LD_RUNPATH_SEARCH_PATHS = (
					"$(inherited)",
					"@executable_path/Frameworks",
					"@loader_path/Frameworks",
				);
				PRODUCT_BUNDLE_IDENTIFIER = com.inkinyu.FontAppiOSTests;
				PRODUCT_NAME = "$(TARGET_NAME)";
				SWIFT_VERSION = 5.0;
				TARGETED_DEVICE_FAMILY = "1,2";
			};
			name = Debug;
		};
		D2CCCBC425FCE3160071E319 /* Release */ = {
			isa = XCBuildConfiguration;
			buildSettings = {
				ALWAYS_EMBED_SWIFT_STANDARD_LIBRARIES = YES;
				CODE_SIGN_STYLE = Automatic;
				DEVELOPMENT_TEAM = "";
				INFOPLIST_FILE = FontPickeriOSTests/Info.plist;
				LD_RUNPATH_SEARCH_PATHS = (
					"$(inherited)",
					"@executable_path/Frameworks",
					"@loader_path/Frameworks",
				);
				PRODUCT_BUNDLE_IDENTIFIER = com.inkinyu.FontAppiOSTests;
				PRODUCT_NAME = "$(TARGET_NAME)";
				SWIFT_VERSION = 5.0;
				TARGETED_DEVICE_FAMILY = "1,2";
			};
			name = Release;
		};
/* End XCBuildConfiguration section */

/* Begin XCConfigurationList section */
		D2CCCBA525FCE3160071E319 /* Build configuration list for PBXProject "FontPickeriOS" */ = {
			isa = XCConfigurationList;
			buildConfigurations = (
				D2CCCBBD25FCE3160071E319 /* Debug */,
				D2CCCBBE25FCE3160071E319 /* Release */,
			);
			defaultConfigurationIsVisible = 0;
			defaultConfigurationName = Release;
		};
		D2CCCBBF25FCE3160071E319 /* Build configuration list for PBXNativeTarget "FontPickeriOS" */ = {
			isa = XCConfigurationList;
			buildConfigurations = (
				D2CCCBC025FCE3160071E319 /* Debug */,
				D2CCCBC125FCE3160071E319 /* Release */,
			);
			defaultConfigurationIsVisible = 0;
			defaultConfigurationName = Release;
		};
		D2CCCBC225FCE3160071E319 /* Build configuration list for PBXNativeTarget "FontPickeriOSTests" */ = {
			isa = XCConfigurationList;
			buildConfigurations = (
				D2CCCBC325FCE3160071E319 /* Debug */,
				D2CCCBC425FCE3160071E319 /* Release */,
			);
			defaultConfigurationIsVisible = 0;
			defaultConfigurationName = Release;
		};
/* End XCConfigurationList section */

/* Begin XCRemoteSwiftPackageReference section */
		D2CCCBD025FCE4860071E319 /* XCRemoteSwiftPackageReference "TestUtils" */ = {
			isa = XCRemoteSwiftPackageReference;
			repositoryURL = "https://github.com/ytyubox/TestUtils";
			requirement = {
				kind = upToNextMajorVersion;
				minimumVersion = 1.0.3;
			};
		};
/* End XCRemoteSwiftPackageReference section */

/* Begin XCSwiftPackageProductDependency section */
		D2CCCBD125FCE4860071E319 /* TestUtils */ = {
			isa = XCSwiftPackageProductDependency;
			package = D2CCCBD025FCE4860071E319 /* XCRemoteSwiftPackageReference "TestUtils" */;
			productName = TestUtils;
		};
		D2CCCBD725FCE4E20071E319 /* FontPicker */ = {
			isa = XCSwiftPackageProductDependency;
			productName = FontPicker;
		};
/* End XCSwiftPackageProductDependency section */
	};
	rootObject = D2CCCBA225FCE3160071E319 /* Project object */;
}
