// !$*UTF8*$!
{
	archiveVersion = 1;
	classes = {
	};
	objectVersion = 50;
	objects = {

/* Begin PBXBuildFile section */
		D206767E25FDC56D0003AAA7 /* AppDelegate.swift in Sources */ = {isa = PBXBuildFile; fileRef = D206767D25FDC56D0003AAA7 /* AppDelegate.swift */; };
		D206768025FDC56D0003AAA7 /* SceneDelegate.swift in Sources */ = {isa = PBXBuildFile; fileRef = D206767F25FDC56D0003AAA7 /* SceneDelegate.swift */; };
		D206768225FDC56D0003AAA7 /* FontViewController.swift in Sources */ = {isa = PBXBuildFile; fileRef = D206768125FDC56D0003AAA7 /* FontViewController.swift */; };
		D206768525FDC56D0003AAA7 /* Main.storyboard in Resources */ = {isa = PBXBuildFile; fileRef = D206768325FDC56D0003AAA7 /* Main.storyboard */; };
		D206768725FDC56E0003AAA7 /* Assets.xcassets in Resources */ = {isa = PBXBuildFile; fileRef = D206768625FDC56E0003AAA7 /* Assets.xcassets */; };
		D206768A25FDC56E0003AAA7 /* LaunchScreen.storyboard in Resources */ = {isa = PBXBuildFile; fileRef = D206768825FDC56E0003AAA7 /* LaunchScreen.storyboard */; };
		D2C20C1B25FDD1FB00AEF099 /* Font.swift in Sources */ = {isa = PBXBuildFile; fileRef = D2C20C1A25FDD1FB00AEF099 /* Font.swift */; };
		D2C20C1E25FDD23F00AEF099 /* FontCell.swift in Sources */ = {isa = PBXBuildFile; fileRef = D2C20C1D25FDD23F00AEF099 /* FontCell.swift */; };
/* End PBXBuildFile section */

/* Begin PBXFileReference section */
		D206767A25FDC56D0003AAA7 /* FontAppPrototype.app */ = {isa = PBXFileReference; explicitFileType = wrapper.application; includeInIndex = 0; path = FontAppPrototype.app; sourceTree = BUILT_PRODUCTS_DIR; };
		D206767D25FDC56D0003AAA7 /* AppDelegate.swift */ = {isa = PBXFileReference; lastKnownFileType = sourcecode.swift; path = AppDelegate.swift; sourceTree = "<group>"; };
		D206767F25FDC56D0003AAA7 /* SceneDelegate.swift */ = {isa = PBXFileReference; lastKnownFileType = sourcecode.swift; path = SceneDelegate.swift; sourceTree = "<group>"; };
		D206768125FDC56D0003AAA7 /* FontViewController.swift */ = {isa = PBXFileReference; lastKnownFileType = sourcecode.swift; path = FontViewController.swift; sourceTree = "<group>"; };
		D206768425FDC56D0003AAA7 /* Base */ = {isa = PBXFileReference; lastKnownFileType = file.storyboard; name = Base; path = Base.lproj/Main.storyboard; sourceTree = "<group>"; };
		D206768625FDC56E0003AAA7 /* Assets.xcassets */ = {isa = PBXFileReference; lastKnownFileType = folder.assetcatalog; path = Assets.xcassets; sourceTree = "<group>"; };
		D206768925FDC56E0003AAA7 /* Base */ = {isa = PBXFileReference; lastKnownFileType = file.storyboard; name = Base; path = Base.lproj/LaunchScreen.storyboard; sourceTree = "<group>"; };
		D206768B25FDC56E0003AAA7 /* Info.plist */ = {isa = PBXFileReference; lastKnownFileType = text.plist.xml; path = Info.plist; sourceTree = "<group>"; };
		D2C20C1A25FDD1FB00AEF099 /* Font.swift */ = {isa = PBXFileReference; lastKnownFileType = sourcecode.swift; path = Font.swift; sourceTree = "<group>"; };
		D2C20C1D25FDD23F00AEF099 /* FontCell.swift */ = {isa = PBXFileReference; lastKnownFileType = sourcecode.swift; path = FontCell.swift; sourceTree = "<group>"; };
/* End PBXFileReference section */

/* Begin PBXFrameworksBuildPhase section */
		D206767725FDC56D0003AAA7 /* Frameworks */ = {
			isa = PBXFrameworksBuildPhase;
			buildActionMask = 2147483647;
			files = (
			);
			runOnlyForDeploymentPostprocessing = 0;
		};
/* End PBXFrameworksBuildPhase section */

/* Begin PBXGroup section */
		D206767125FDC56D0003AAA7 = {
			isa = PBXGroup;
			children = (
				D206767C25FDC56D0003AAA7 /* FontAppPrototype */,
				D206767B25FDC56D0003AAA7 /* Products */,
			);
			sourceTree = "<group>";
		};
		D206767B25FDC56D0003AAA7 /* Products */ = {
			isa = PBXGroup;
			children = (
				D206767A25FDC56D0003AAA7 /* FontAppPrototype.app */,
			);
			name = Products;
			sourceTree = "<group>";
		};
		D206767C25FDC56D0003AAA7 /* FontAppPrototype */ = {
			isa = PBXGroup;
			children = (
				D206767D25FDC56D0003AAA7 /* AppDelegate.swift */,
				D206767F25FDC56D0003AAA7 /* SceneDelegate.swift */,
				D2C20C1A25FDD1FB00AEF099 /* Font.swift */,
				D206768125FDC56D0003AAA7 /* FontViewController.swift */,
				D2C20C1D25FDD23F00AEF099 /* FontCell.swift */,
				D206768325FDC56D0003AAA7 /* Main.storyboard */,
				D206768625FDC56E0003AAA7 /* Assets.xcassets */,
				D206768825FDC56E0003AAA7 /* LaunchScreen.storyboard */,
				D206768B25FDC56E0003AAA7 /* Info.plist */,
			);
			path = FontAppPrototype;
			sourceTree = "<group>";
		};
/* End PBXGroup section */

/* Begin PBXNativeTarget section */
		D206767925FDC56D0003AAA7 /* FontAppPrototype */ = {
			isa = PBXNativeTarget;
			buildConfigurationList = D206768E25FDC56E0003AAA7 /* Build configuration list for PBXNativeTarget "FontAppPrototype" */;
			buildPhases = (
				D206767625FDC56D0003AAA7 /* Sources */,
				D206767725FDC56D0003AAA7 /* Frameworks */,
				D206767825FDC56D0003AAA7 /* Resources */,
			);
			buildRules = (
			);
			dependencies = (
			);
			name = FontAppPrototype;
			productName = FontAppPrototype;
			productReference = D206767A25FDC56D0003AAA7 /* FontAppPrototype.app */;
			productType = "com.apple.product-type.application";
		};
/* End PBXNativeTarget section */

/* Begin PBXProject section */
		D206767225FDC56D0003AAA7 /* Project object */ = {
			isa = PBXProject;
			attributes = {
				LastSwiftUpdateCheck = 1240;
				LastUpgradeCheck = 1240;
				TargetAttributes = {
					D206767925FDC56D0003AAA7 = {
						CreatedOnToolsVersion = 12.4;
					};
				};
			};
			buildConfigurationList = D206767525FDC56D0003AAA7 /* Build configuration list for PBXProject "FontAppPrototype" */;
			compatibilityVersion = "Xcode 9.3";
			developmentRegion = en;
			hasScannedForEncodings = 0;
			knownRegions = (
				en,
				Base,
			);
			mainGroup = D206767125FDC56D0003AAA7;
			productRefGroup = D206767B25FDC56D0003AAA7 /* Products */;
			projectDirPath = "";
			projectRoot = "";
			targets = (
				D206767925FDC56D0003AAA7 /* FontAppPrototype */,
			);
		};
/* End PBXProject section */

/* Begin PBXResourcesBuildPhase section */
		D206767825FDC56D0003AAA7 /* Resources */ = {
			isa = PBXResourcesBuildPhase;
			buildActionMask = 2147483647;
			files = (
				D206768A25FDC56E0003AAA7 /* LaunchScreen.storyboard in Resources */,
				D206768725FDC56E0003AAA7 /* Assets.xcassets in Resources */,
				D206768525FDC56D0003AAA7 /* Main.storyboard in Resources */,
			);
			runOnlyForDeploymentPostprocessing = 0;
		};
/* End PBXResourcesBuildPhase section */

/* Begin PBXSourcesBuildPhase section */
		D206767625FDC56D0003AAA7 /* Sources */ = {
			isa = PBXSourcesBuildPhase;
			buildActionMask = 2147483647;
			files = (
				D2C20C1E25FDD23F00AEF099 /* FontCell.swift in Sources */,
				D2C20C1B25FDD1FB00AEF099 /* Font.swift in Sources */,
				D206768225FDC56D0003AAA7 /* FontViewController.swift in Sources */,
				D206767E25FDC56D0003AAA7 /* AppDelegate.swift in Sources */,
				D206768025FDC56D0003AAA7 /* SceneDelegate.swift in Sources */,
			);
			runOnlyForDeploymentPostprocessing = 0;
		};
/* End PBXSourcesBuildPhase section */

/* Begin PBXVariantGroup section */
		D206768325FDC56D0003AAA7 /* Main.storyboard */ = {
			isa = PBXVariantGroup;
			children = (
				D206768425FDC56D0003AAA7 /* Base */,
			);
			name = Main.storyboard;
			sourceTree = "<group>";
		};
		D206768825FDC56E0003AAA7 /* LaunchScreen.storyboard */ = {
			isa = PBXVariantGroup;
			children = (
				D206768925FDC56E0003AAA7 /* Base */,
			);
			name = LaunchScreen.storyboard;
			sourceTree = "<group>";
		};
/* End PBXVariantGroup section */

/* Begin XCBuildConfiguration section */
		D206768C25FDC56E0003AAA7 /* Debug */ = {
			isa = XCBuildConfiguration;
			buildSettings = {
				ALWAYS_SEARCH_USER_PATHS = NO;
				CLANG_ANALYZER_NONNULL = YES;
				CLANG_ANALYZER_NUMBER_OBJECT_CONVERSION = YES_AGGRESSIVE;
				CLANG_CXX_LANGUAGE_STANDARD = "gnu++14";
				CLANG_CXX_LIBRARY = "libc++";
				CLANG_ENABLE_MODULES = YES;
				CLANG_ENABLE_OBJC_ARC = YES;
				CLANG_ENABLE_OBJC_WEAK = YES;
				CLANG_WARN_BLOCK_CAPTURE_AUTORELEASING = YES;
				CLANG_WARN_BOOL_CONVERSION = YES;
				CLANG_WARN_COMMA = YES;
				CLANG_WARN_CONSTANT_CONVERSION = YES;
				CLANG_WARN_DEPRECATED_OBJC_IMPLEMENTATIONS = YES;
				CLANG_WARN_DIRECT_OBJC_ISA_USAGE = YES_ERROR;
				CLANG_WARN_DOCUMENTATION_COMMENTS = YES;
				CLANG_WARN_EMPTY_BODY = YES;
				CLANG_WARN_ENUM_CONVERSION = YES;
				CLANG_WARN_INFINITE_RECURSION = YES;
				CLANG_WARN_INT_CONVERSION = YES;
				CLANG_WARN_NON_LITERAL_NULL_CONVERSION = YES;
				CLANG_WARN_OBJC_IMPLICIT_RETAIN_SELF = YES;
				CLANG_WARN_OBJC_LITERAL_CONVERSION = YES;
				CLANG_WARN_OBJC_ROOT_CLASS = YES_ERROR;
				CLANG_WARN_QUOTED_INCLUDE_IN_FRAMEWORK_HEADER = YES;
				CLANG_WARN_RANGE_LOOP_ANALYSIS = YES;
				CLANG_WARN_STRICT_PROTOTYPES = YES;
				CLANG_WARN_SUSPICIOUS_MOVE = YES;
				CLANG_WARN_UNGUARDED_AVAILABILITY = YES_AGGRESSIVE;
				CLANG_WARN_UNREACHABLE_CODE = YES;
				CLANG_WARN__DUPLICATE_METHOD_MATCH = YES;
				COPY_PHASE_STRIP = NO;
				DEBUG_INFORMATION_FORMAT = dwarf;
				ENABLE_STRICT_OBJC_MSGSEND = YES;
				ENABLE_TESTABILITY = YES;
				GCC_C_LANGUAGE_STANDARD = gnu11;
				GCC_DYNAMIC_NO_PIC = NO;
				GCC_NO_COMMON_BLOCKS = YES;
				GCC_OPTIMIZATION_LEVEL = 0;
				GCC_PREPROCESSOR_DEFINITIONS = (
					"DEBUG=1",
					"$(inherited)",
				);
				GCC_WARN_64_TO_32_BIT_CONVERSION = YES;
				GCC_WARN_ABOUT_RETURN_TYPE = YES_ERROR;
				GCC_WARN_UNDECLARED_SELECTOR = YES;
				GCC_WARN_UNINITIALIZED_AUTOS = YES_AGGRESSIVE;
				GCC_WARN_UNUSED_FUNCTION = YES;
				GCC_WARN_UNUSED_VARIABLE = YES;
				IPHONEOS_DEPLOYMENT_TARGET = 14.4;
				MTL_ENABLE_DEBUG_INFO = INCLUDE_SOURCE;
				MTL_FAST_MATH = YES;
				ONLY_ACTIVE_ARCH = YES;
				SDKROOT = iphoneos;
				SWIFT_ACTIVE_COMPILATION_CONDITIONS = DEBUG;
				SWIFT_OPTIMIZATION_LEVEL = "-Onone";
			};
			name = Debug;
		};
		D206768D25FDC56E0003AAA7 /* Release */ = {
			isa = XCBuildConfiguration;
			buildSettings = {
				ALWAYS_SEARCH_USER_PATHS = NO;
				CLANG_ANALYZER_NONNULL = YES;
				CLANG_ANALYZER_NUMBER_OBJECT_CONVERSION = YES_AGGRESSIVE;
				CLANG_CXX_LANGUAGE_STANDARD = "gnu++14";
				CLANG_CXX_LIBRARY = "libc++";
				CLANG_ENABLE_MODULES = YES;
				CLANG_ENABLE_OBJC_ARC = YES;
				CLANG_ENABLE_OBJC_WEAK = YES;
				CLANG_WARN_BLOCK_CAPTURE_AUTORELEASING = YES;
				CLANG_WARN_BOOL_CONVERSION = YES;
				CLANG_WARN_COMMA = YES;
				CLANG_WARN_CONSTANT_CONVERSION = YES;
				CLANG_WARN_DEPRECATED_OBJC_IMPLEMENTATIONS = YES;
				CLANG_WARN_DIRECT_OBJC_ISA_USAGE = YES_ERROR;
				CLANG_WARN_DOCUMENTATION_COMMENTS = YES;
				CLANG_WARN_EMPTY_BODY = YES;
				CLANG_WARN_ENUM_CONVERSION = YES;
				CLANG_WARN_INFINITE_RECURSION = YES;
				CLANG_WARN_INT_CONVERSION = YES;
				CLANG_WARN_NON_LITERAL_NULL_CONVERSION = YES;
				CLANG_WARN_OBJC_IMPLICIT_RETAIN_SELF = YES;
				CLANG_WARN_OBJC_LITERAL_CONVERSION = YES;
				CLANG_WARN_OBJC_ROOT_CLASS = YES_ERROR;
				CLANG_WARN_QUOTED_INCLUDE_IN_FRAMEWORK_HEADER = YES;
				CLANG_WARN_RANGE_LOOP_ANALYSIS = YES;
				CLANG_WARN_STRICT_PROTOTYPES = YES;
				CLANG_WARN_SUSPICIOUS_MOVE = YES;
				CLANG_WARN_UNGUARDED_AVAILABILITY = YES_AGGRESSIVE;
				CLANG_WARN_UNREACHABLE_CODE = YES;
				CLANG_WARN__DUPLICATE_METHOD_MATCH = YES;
				COPY_PHASE_STRIP = NO;
				DEBUG_INFORMATION_FORMAT = "dwarf-with-dsym";
				ENABLE_NS_ASSERTIONS = NO;
				ENABLE_STRICT_OBJC_MSGSEND = YES;
				GCC_C_LANGUAGE_STANDARD = gnu11;
				GCC_NO_COMMON_BLOCKS = YES;
				GCC_WARN_64_TO_32_BIT_CONVERSION = YES;
				GCC_WARN_ABOUT_RETURN_TYPE = YES_ERROR;
				GCC_WARN_UNDECLARED_SELECTOR = YES;
				GCC_WARN_UNINITIALIZED_AUTOS = YES_AGGRESSIVE;
				GCC_WARN_UNUSED_FUNCTION = YES;
				GCC_WARN_UNUSED_VARIABLE = YES;
				IPHONEOS_DEPLOYMENT_TARGET = 14.4;
				MTL_ENABLE_DEBUG_INFO = NO;
				MTL_FAST_MATH = YES;
				SDKROOT = iphoneos;
				SWIFT_COMPILATION_MODE = wholemodule;
				SWIFT_OPTIMIZATION_LEVEL = "-O";
				VALIDATE_PRODUCT = YES;
			};
			name = Release;
		};
		D206768F25FDC56E0003AAA7 /* Debug */ = {
			isa = XCBuildConfiguration;
			buildSettings = {
				ASSETCATALOG_COMPILER_APPICON_NAME = AppIcon;
				ASSETCATALOG_COMPILER_GLOBAL_ACCENT_COLOR_NAME = AccentColor;
				CODE_SIGN_STYLE = Automatic;
				DEVELOPMENT_TEAM = 3AMPL46LPV;
				INFOPLIST_FILE = FontAppPrototype/Info.plist;
				LD_RUNPATH_SEARCH_PATHS = (
					"$(inherited)",
					"@executable_path/Frameworks",
				);
				PRODUCT_BUNDLE_IDENTIFIER = com.inkinyu.FontAppPrototype;
				PRODUCT_NAME = "$(TARGET_NAME)";
				SWIFT_VERSION = 5.0;
				TARGETED_DEVICE_FAMILY = "1,2";
			};
			name = Debug;
		};
		D206769025FDC56E0003AAA7 /* Release */ = {
			isa = XCBuildConfiguration;
			buildSettings = {
				ASSETCATALOG_COMPILER_APPICON_NAME = AppIcon;
				ASSETCATALOG_COMPILER_GLOBAL_ACCENT_COLOR_NAME = AccentColor;
				CODE_SIGN_STYLE = Automatic;
				DEVELOPMENT_TEAM = 3AMPL46LPV;
				INFOPLIST_FILE = FontAppPrototype/Info.plist;
				LD_RUNPATH_SEARCH_PATHS = (
					"$(inherited)",
					"@executable_path/Frameworks",
				);
				PRODUCT_BUNDLE_IDENTIFIER = com.inkinyu.FontAppPrototype;
				PRODUCT_NAME = "$(TARGET_NAME)";
				SWIFT_VERSION = 5.0;
				TARGETED_DEVICE_FAMILY = "1,2";
			};
			name = Release;
		};
/* End XCBuildConfiguration section */

/* Begin XCConfigurationList section */
		D206767525FDC56D0003AAA7 /* Build configuration list for PBXProject "FontAppPrototype" */ = {
			isa = XCConfigurationList;
			buildConfigurations = (
				D206768C25FDC56E0003AAA7 /* Debug */,
				D206768D25FDC56E0003AAA7 /* Release */,
			);
			defaultConfigurationIsVisible = 0;
			defaultConfigurationName = Release;
		};
		D206768E25FDC56E0003AAA7 /* Build configuration list for PBXNativeTarget "FontAppPrototype" */ = {
			isa = XCConfigurationList;
			buildConfigurations = (
				D206768F25FDC56E0003AAA7 /* Debug */,
				D206769025FDC56E0003AAA7 /* Release */,
			);
			defaultConfigurationIsVisible = 0;
			defaultConfigurationName = Release;
		};
/* End XCConfigurationList section */
	};
	rootObject = D206767225FDC56D0003AAA7 /* Project object */;
}
