// !$*UTF8*$!
{
	archiveVersion = 1;
	classes = {
	};
	objectVersion = 50;
	objects = {

/* Begin PBXBuildFile section */
		D2107A7625FE67370070EDA3 /* Logger.swift in Sources */ = {isa = PBXBuildFile; fileRef = D2107A7525FE67370070EDA3 /* Logger.swift */; };
		D2107A7A25FE6C560070EDA3 /* UIFont+Data.swift in Sources */ = {isa = PBXBuildFile; fileRef = D2107A7925FE6C560070EDA3 /* UIFont+Data.swift */; };
		D22E7D3F25FE0C3D00A18255 /* FontFileLoaderCacheDecorator.swift in Sources */ = {isa = PBXBuildFile; fileRef = D22E7D3B25FE0C3D00A18255 /* FontFileLoaderCacheDecorator.swift */; };
		D22E7D4025FE0C3D00A18255 /* FontFileLoaderWithFallbackComposite.swift in Sources */ = {isa = PBXBuildFile; fileRef = D22E7D3C25FE0C3D00A18255 /* FontFileLoaderWithFallbackComposite.swift */; };
		D22E7D4125FE0C3D00A18255 /* FontLoaderCacheDecorator.swift in Sources */ = {isa = PBXBuildFile; fileRef = D22E7D3D25FE0C3D00A18255 /* FontLoaderCacheDecorator.swift */; };
		D22E7D4225FE0C3D00A18255 /* FontLoaderWithFallbackComposite.swift in Sources */ = {isa = PBXBuildFile; fileRef = D22E7D3E25FE0C3D00A18255 /* FontLoaderWithFallbackComposite.swift */; };
		D22E7D4B25FE0E1B00A18255 /* AppContainer.swift in Sources */ = {isa = PBXBuildFile; fileRef = D22E7D4A25FE0E1B00A18255 /* AppContainer.swift */; };
		D22E7D4E25FE0F0700A18255 /* FontStore.swift in Sources */ = {isa = PBXBuildFile; fileRef = D22E7D4D25FE0F0700A18255 /* FontStore.swift */; };
		D22E7D5125FE0FE100A18255 /* Root.swift in Sources */ = {isa = PBXBuildFile; fileRef = D22E7D5025FE0FE100A18255 /* Root.swift */; };
		D22E7D5425FE136200A18255 /* AppFontStoreAdapter.swift in Sources */ = {isa = PBXBuildFile; fileRef = D22E7D5325FE136200A18255 /* AppFontStoreAdapter.swift */; };
		D22E7D6125FE17DD00A18255 /* MustInjected.swift in Sources */ = {isa = PBXBuildFile; fileRef = D22E7D5A25FE17DD00A18255 /* MustInjected.swift */; };
		D22E7D6225FE17DD00A18255 /* FontImageDataPresentationAdapter.swift in Sources */ = {isa = PBXBuildFile; fileRef = D22E7D5B25FE17DD00A18255 /* FontImageDataPresentationAdapter.swift */; };
		D22E7D6325FE17DD00A18255 /* MainQueueDispatchDecorator.swift in Sources */ = {isa = PBXBuildFile; fileRef = D22E7D5C25FE17DD00A18255 /* MainQueueDispatchDecorator.swift */; };
		D22E7D6425FE17DD00A18255 /* FontLoaderPresentationAdapter.swift in Sources */ = {isa = PBXBuildFile; fileRef = D22E7D5D25FE17DD00A18255 /* FontLoaderPresentationAdapter.swift */; };
		D22E7D6525FE17DD00A18255 /* FontUIComposer.swift in Sources */ = {isa = PBXBuildFile; fileRef = D22E7D5E25FE17DD00A18255 /* FontUIComposer.swift */; };
		D22E7D6625FE17DD00A18255 /* FontViewAdapter.swift in Sources */ = {isa = PBXBuildFile; fileRef = D22E7D5F25FE17DD00A18255 /* FontViewAdapter.swift */; };
		D22E7D6725FE17DD00A18255 /* WeakRefVirtualProxy.swift in Sources */ = {isa = PBXBuildFile; fileRef = D22E7D6025FE17DD00A18255 /* WeakRefVirtualProxy.swift */; };
		D22E7DAF25FE2F2100A18255 /* FontPickeriOS.framework in Frameworks */ = {isa = PBXBuildFile; fileRef = D22E7DAE25FE2F2100A18255 /* FontPickeriOS.framework */; };
		D22E7DB025FE2F2100A18255 /* FontPickeriOS.framework in Embed Frameworks */ = {isa = PBXBuildFile; fileRef = D22E7DAE25FE2F2100A18255 /* FontPickeriOS.framework */; settings = {ATTRIBUTES = (CodeSignOnCopy, RemoveHeadersOnCopy, ); }; };
		D24F8D8625FE301100E1A21A /* FontUIIntegrationTests+LoaderSpy.swift in Sources */ = {isa = PBXBuildFile; fileRef = D24F8D7525FE301100E1A21A /* FontUIIntegrationTests+LoaderSpy.swift */; };
		D24F8D8725FE301100E1A21A /* FontUIIntegrationTests+Localization.swift in Sources */ = {isa = PBXBuildFile; fileRef = D24F8D7625FE301100E1A21A /* FontUIIntegrationTests+Localization.swift */; };
		D24F8D8825FE301100E1A21A /* SharedTestHelpers.swift in Sources */ = {isa = PBXBuildFile; fileRef = D24F8D7725FE301100E1A21A /* SharedTestHelpers.swift */; };
		D24F8D8925FE301100E1A21A /* UIButton+TestHelpers.swift in Sources */ = {isa = PBXBuildFile; fileRef = D24F8D7825FE301100E1A21A /* UIButton+TestHelpers.swift */; };
		D24F8D8A25FE301100E1A21A /* FontUIIntegrationTests+Assertions.swift in Sources */ = {isa = PBXBuildFile; fileRef = D24F8D7925FE301100E1A21A /* FontUIIntegrationTests+Assertions.swift */; };
		D24F8D8B25FE301100E1A21A /* FontImageCell+TestHelpers.swift in Sources */ = {isa = PBXBuildFile; fileRef = D24F8D7A25FE301100E1A21A /* FontImageCell+TestHelpers.swift */; };
		D24F8D8C25FE301100E1A21A /* InMemoryFontStore.swift in Sources */ = {isa = PBXBuildFile; fileRef = D24F8D7B25FE301100E1A21A /* InMemoryFontStore.swift */; };
		D24F8D8D25FE301100E1A21A /* XCTestCase+MemoryLeakTracking.swift in Sources */ = {isa = PBXBuildFile; fileRef = D24F8D7C25FE301100E1A21A /* XCTestCase+MemoryLeakTracking.swift */; };
		D24F8D8E25FE301100E1A21A /* UIImage+TestHelpers.swift in Sources */ = {isa = PBXBuildFile; fileRef = D24F8D7D25FE301100E1A21A /* UIImage+TestHelpers.swift */; };
		D24F8D8F25FE301100E1A21A /* UIControl+TestHelpers.swift in Sources */ = {isa = PBXBuildFile; fileRef = D24F8D7E25FE301100E1A21A /* UIControl+TestHelpers.swift */; };
		D24F8D9025FE301100E1A21A /* HTTPClientStub.swift in Sources */ = {isa = PBXBuildFile; fileRef = D24F8D7F25FE301100E1A21A /* HTTPClientStub.swift */; };
		D24F8D9125FE301100E1A21A /* FontViewController+TestHelpers.swift in Sources */ = {isa = PBXBuildFile; fileRef = D24F8D8025FE301100E1A21A /* FontViewController+TestHelpers.swift */; };
		D24F8D9225FE301100E1A21A /* UIView+TestHelpers.swift in Sources */ = {isa = PBXBuildFile; fileRef = D24F8D8125FE301100E1A21A /* UIView+TestHelpers.swift */; };
		D24F8D9325FE301100E1A21A /* UIRefreshControl+TestHelpers.swift in Sources */ = {isa = PBXBuildFile; fileRef = D24F8D8225FE301100E1A21A /* UIRefreshControl+TestHelpers.swift */; };
		D24F8D9425FE301100E1A21A /* FontAcceptanceTests.swift in Sources */ = {isa = PBXBuildFile; fileRef = D24F8D8325FE301100E1A21A /* FontAcceptanceTests.swift */; };
		D24F8D9525FE301100E1A21A /* SceneDelegateTests.swift in Sources */ = {isa = PBXBuildFile; fileRef = D24F8D8425FE301100E1A21A /* SceneDelegateTests.swift */; };
		D24F8D9625FE301100E1A21A /* FontUIIntegrationTests.swift in Sources */ = {isa = PBXBuildFile; fileRef = D24F8D8525FE301100E1A21A /* FontUIIntegrationTests.swift */; };
		D2C188A125FA044900B86D82 /* AppDelegate.swift in Sources */ = {isa = PBXBuildFile; fileRef = D2C188A025FA044900B86D82 /* AppDelegate.swift */; };
		D2C188A325FA044900B86D82 /* SceneDelegate.swift in Sources */ = {isa = PBXBuildFile; fileRef = D2C188A225FA044900B86D82 /* SceneDelegate.swift */; };
		D2C188A825FA044900B86D82 /* Main.storyboard in Resources */ = {isa = PBXBuildFile; fileRef = D2C188A625FA044900B86D82 /* Main.storyboard */; };
		D2C188AA25FA044900B86D82 /* Assets.xcassets in Resources */ = {isa = PBXBuildFile; fileRef = D2C188A925FA044900B86D82 /* Assets.xcassets */; };
		D2C188AD25FA044900B86D82 /* LaunchScreen.storyboard in Resources */ = {isa = PBXBuildFile; fileRef = D2C188AB25FA044900B86D82 /* LaunchScreen.storyboard */; };
		D2C188B825FA044900B86D82 /* FontPickerAppAPIEndToEndTests.swift in Sources */ = {isa = PBXBuildFile; fileRef = D2C188B725FA044900B86D82 /* FontPickerAppAPIEndToEndTests.swift */; };
/* End PBXBuildFile section */

/* Begin PBXContainerItemProxy section */
		D2C188B425FA044900B86D82 /* PBXContainerItemProxy */ = {
			isa = PBXContainerItemProxy;
			containerPortal = D2C1889525FA044900B86D82 /* Project object */;
			proxyType = 1;
			remoteGlobalIDString = D2C1889C25FA044900B86D82;
			remoteInfo = FontPickerApp;
		};
/* End PBXContainerItemProxy section */

/* Begin PBXCopyFilesBuildPhase section */
		D22E7DB125FE2F2100A18255 /* Embed Frameworks */ = {
			isa = PBXCopyFilesBuildPhase;
			buildActionMask = 2147483647;
			dstPath = "";
			dstSubfolderSpec = 10;
			files = (
				D22E7DB025FE2F2100A18255 /* FontPickeriOS.framework in Embed Frameworks */,
			);
			name = "Embed Frameworks";
			runOnlyForDeploymentPostprocessing = 0;
		};
/* End PBXCopyFilesBuildPhase section */

/* Begin PBXFileReference section */
		D2107A7525FE67370070EDA3 /* Logger.swift */ = {isa = PBXFileReference; lastKnownFileType = sourcecode.swift; path = Logger.swift; sourceTree = "<group>"; };
		D2107A7925FE6C560070EDA3 /* UIFont+Data.swift */ = {isa = PBXFileReference; lastKnownFileType = sourcecode.swift; path = "UIFont+Data.swift"; sourceTree = "<group>"; };
		D2107A8025FE7D860070EDA3 /* zh-Hant */ = {isa = PBXFileReference; lastKnownFileType = text.plist.strings; name = "zh-Hant"; path = "zh-Hant.lproj/Main.strings"; sourceTree = "<group>"; };
		D2107A8125FE7D860070EDA3 /* zh-Hant */ = {isa = PBXFileReference; lastKnownFileType = text.plist.strings; name = "zh-Hant"; path = "zh-Hant.lproj/LaunchScreen.strings"; sourceTree = "<group>"; };
		D22E7D2E25FE0A9B00A18255 /* FontAppiOS.framework */ = {isa = PBXFileReference; explicitFileType = wrapper.framework; path = FontAppiOS.framework; sourceTree = BUILT_PRODUCTS_DIR; };
		D22E7D3B25FE0C3D00A18255 /* FontFileLoaderCacheDecorator.swift */ = {isa = PBXFileReference; fileEncoding = 4; lastKnownFileType = sourcecode.swift; path = FontFileLoaderCacheDecorator.swift; sourceTree = "<group>"; };
		D22E7D3C25FE0C3D00A18255 /* FontFileLoaderWithFallbackComposite.swift */ = {isa = PBXFileReference; fileEncoding = 4; lastKnownFileType = sourcecode.swift; path = FontFileLoaderWithFallbackComposite.swift; sourceTree = "<group>"; };
		D22E7D3D25FE0C3D00A18255 /* FontLoaderCacheDecorator.swift */ = {isa = PBXFileReference; fileEncoding = 4; lastKnownFileType = sourcecode.swift; path = FontLoaderCacheDecorator.swift; sourceTree = "<group>"; };
		D22E7D3E25FE0C3D00A18255 /* FontLoaderWithFallbackComposite.swift */ = {isa = PBXFileReference; fileEncoding = 4; lastKnownFileType = sourcecode.swift; path = FontLoaderWithFallbackComposite.swift; sourceTree = "<group>"; };
		D22E7D4A25FE0E1B00A18255 /* AppContainer.swift */ = {isa = PBXFileReference; fileEncoding = 4; lastKnownFileType = sourcecode.swift; path = AppContainer.swift; sourceTree = "<group>"; };
		D22E7D4D25FE0F0700A18255 /* FontStore.swift */ = {isa = PBXFileReference; fileEncoding = 4; lastKnownFileType = sourcecode.swift; path = FontStore.swift; sourceTree = "<group>"; };
		D22E7D5025FE0FE100A18255 /* Root.swift */ = {isa = PBXFileReference; lastKnownFileType = sourcecode.swift; path = Root.swift; sourceTree = "<group>"; };
		D22E7D5325FE136200A18255 /* AppFontStoreAdapter.swift */ = {isa = PBXFileReference; fileEncoding = 4; lastKnownFileType = sourcecode.swift; path = AppFontStoreAdapter.swift; sourceTree = "<group>"; };
		D22E7D5A25FE17DD00A18255 /* MustInjected.swift */ = {isa = PBXFileReference; fileEncoding = 4; lastKnownFileType = sourcecode.swift; path = MustInjected.swift; sourceTree = "<group>"; };
		D22E7D5B25FE17DD00A18255 /* FontImageDataPresentationAdapter.swift */ = {isa = PBXFileReference; fileEncoding = 4; lastKnownFileType = sourcecode.swift; path = FontImageDataPresentationAdapter.swift; sourceTree = "<group>"; };
		D22E7D5C25FE17DD00A18255 /* MainQueueDispatchDecorator.swift */ = {isa = PBXFileReference; fileEncoding = 4; lastKnownFileType = sourcecode.swift; path = MainQueueDispatchDecorator.swift; sourceTree = "<group>"; };
		D22E7D5D25FE17DD00A18255 /* FontLoaderPresentationAdapter.swift */ = {isa = PBXFileReference; fileEncoding = 4; lastKnownFileType = sourcecode.swift; path = FontLoaderPresentationAdapter.swift; sourceTree = "<group>"; };
		D22E7D5E25FE17DD00A18255 /* FontUIComposer.swift */ = {isa = PBXFileReference; fileEncoding = 4; lastKnownFileType = sourcecode.swift; path = FontUIComposer.swift; sourceTree = "<group>"; };
		D22E7D5F25FE17DD00A18255 /* FontViewAdapter.swift */ = {isa = PBXFileReference; fileEncoding = 4; lastKnownFileType = sourcecode.swift; path = FontViewAdapter.swift; sourceTree = "<group>"; };
		D22E7D6025FE17DD00A18255 /* WeakRefVirtualProxy.swift */ = {isa = PBXFileReference; fileEncoding = 4; lastKnownFileType = sourcecode.swift; path = WeakRefVirtualProxy.swift; sourceTree = "<group>"; };
		D22E7DAE25FE2F2100A18255 /* FontPickeriOS.framework */ = {isa = PBXFileReference; explicitFileType = wrapper.framework; path = FontPickeriOS.framework; sourceTree = BUILT_PRODUCTS_DIR; };
		D24F8D7525FE301100E1A21A /* FontUIIntegrationTests+LoaderSpy.swift */ = {isa = PBXFileReference; fileEncoding = 4; lastKnownFileType = sourcecode.swift; path = "FontUIIntegrationTests+LoaderSpy.swift"; sourceTree = "<group>"; };
		D24F8D7625FE301100E1A21A /* FontUIIntegrationTests+Localization.swift */ = {isa = PBXFileReference; fileEncoding = 4; lastKnownFileType = sourcecode.swift; path = "FontUIIntegrationTests+Localization.swift"; sourceTree = "<group>"; };
		D24F8D7725FE301100E1A21A /* SharedTestHelpers.swift */ = {isa = PBXFileReference; fileEncoding = 4; lastKnownFileType = sourcecode.swift; path = SharedTestHelpers.swift; sourceTree = "<group>"; };
		D24F8D7825FE301100E1A21A /* UIButton+TestHelpers.swift */ = {isa = PBXFileReference; fileEncoding = 4; lastKnownFileType = sourcecode.swift; path = "UIButton+TestHelpers.swift"; sourceTree = "<group>"; };
		D24F8D7925FE301100E1A21A /* FontUIIntegrationTests+Assertions.swift */ = {isa = PBXFileReference; fileEncoding = 4; lastKnownFileType = sourcecode.swift; path = "FontUIIntegrationTests+Assertions.swift"; sourceTree = "<group>"; };
		D24F8D7A25FE301100E1A21A /* FontImageCell+TestHelpers.swift */ = {isa = PBXFileReference; fileEncoding = 4; lastKnownFileType = sourcecode.swift; path = "FontImageCell+TestHelpers.swift"; sourceTree = "<group>"; };
		D24F8D7B25FE301100E1A21A /* InMemoryFontStore.swift */ = {isa = PBXFileReference; fileEncoding = 4; lastKnownFileType = sourcecode.swift; path = InMemoryFontStore.swift; sourceTree = "<group>"; };
		D24F8D7C25FE301100E1A21A /* XCTestCase+MemoryLeakTracking.swift */ = {isa = PBXFileReference; fileEncoding = 4; lastKnownFileType = sourcecode.swift; path = "XCTestCase+MemoryLeakTracking.swift"; sourceTree = "<group>"; };
		D24F8D7D25FE301100E1A21A /* UIImage+TestHelpers.swift */ = {isa = PBXFileReference; fileEncoding = 4; lastKnownFileType = sourcecode.swift; path = "UIImage+TestHelpers.swift"; sourceTree = "<group>"; };
		D24F8D7E25FE301100E1A21A /* UIControl+TestHelpers.swift */ = {isa = PBXFileReference; fileEncoding = 4; lastKnownFileType = sourcecode.swift; path = "UIControl+TestHelpers.swift"; sourceTree = "<group>"; };
		D24F8D7F25FE301100E1A21A /* HTTPClientStub.swift */ = {isa = PBXFileReference; fileEncoding = 4; lastKnownFileType = sourcecode.swift; path = HTTPClientStub.swift; sourceTree = "<group>"; };
		D24F8D8025FE301100E1A21A /* FontViewController+TestHelpers.swift */ = {isa = PBXFileReference; fileEncoding = 4; lastKnownFileType = sourcecode.swift; path = "FontViewController+TestHelpers.swift"; sourceTree = "<group>"; };
		D24F8D8125FE301100E1A21A /* UIView+TestHelpers.swift */ = {isa = PBXFileReference; fileEncoding = 4; lastKnownFileType = sourcecode.swift; path = "UIView+TestHelpers.swift"; sourceTree = "<group>"; };
		D24F8D8225FE301100E1A21A /* UIRefreshControl+TestHelpers.swift */ = {isa = PBXFileReference; fileEncoding = 4; lastKnownFileType = sourcecode.swift; path = "UIRefreshControl+TestHelpers.swift"; sourceTree = "<group>"; };
		D24F8D8325FE301100E1A21A /* FontAcceptanceTests.swift */ = {isa = PBXFileReference; fileEncoding = 4; lastKnownFileType = sourcecode.swift; path = FontAcceptanceTests.swift; sourceTree = "<group>"; };
		D24F8D8425FE301100E1A21A /* SceneDelegateTests.swift */ = {isa = PBXFileReference; fileEncoding = 4; lastKnownFileType = sourcecode.swift; path = SceneDelegateTests.swift; sourceTree = "<group>"; };
		D24F8D8525FE301100E1A21A /* FontUIIntegrationTests.swift */ = {isa = PBXFileReference; fileEncoding = 4; lastKnownFileType = sourcecode.swift; path = FontUIIntegrationTests.swift; sourceTree = "<group>"; };
		D2C1889D25FA044900B86D82 /* FontPickerApp.app */ = {isa = PBXFileReference; explicitFileType = wrapper.application; includeInIndex = 0; path = FontPickerApp.app; sourceTree = BUILT_PRODUCTS_DIR; };
		D2C188A025FA044900B86D82 /* AppDelegate.swift */ = {isa = PBXFileReference; lastKnownFileType = sourcecode.swift; path = AppDelegate.swift; sourceTree = "<group>"; };
		D2C188A225FA044900B86D82 /* SceneDelegate.swift */ = {isa = PBXFileReference; lastKnownFileType = sourcecode.swift; path = SceneDelegate.swift; sourceTree = "<group>"; };
		D2C188A725FA044900B86D82 /* Base */ = {isa = PBXFileReference; lastKnownFileType = file.storyboard; name = Base; path = Base.lproj/Main.storyboard; sourceTree = "<group>"; };
		D2C188A925FA044900B86D82 /* Assets.xcassets */ = {isa = PBXFileReference; lastKnownFileType = folder.assetcatalog; path = Assets.xcassets; sourceTree = "<group>"; };
		D2C188AC25FA044900B86D82 /* Base */ = {isa = PBXFileReference; lastKnownFileType = file.storyboard; name = Base; path = Base.lproj/LaunchScreen.storyboard; sourceTree = "<group>"; };
		D2C188AE25FA044900B86D82 /* Info.plist */ = {isa = PBXFileReference; lastKnownFileType = text.plist.xml; path = Info.plist; sourceTree = "<group>"; };
		D2C188B325FA044900B86D82 /* FontPickerAppTests.xctest */ = {isa = PBXFileReference; explicitFileType = wrapper.cfbundle; includeInIndex = 0; path = FontPickerAppTests.xctest; sourceTree = BUILT_PRODUCTS_DIR; };
		D2C188B725FA044900B86D82 /* FontPickerAppAPIEndToEndTests.swift */ = {isa = PBXFileReference; lastKnownFileType = sourcecode.swift; path = FontPickerAppAPIEndToEndTests.swift; sourceTree = "<group>"; };
		D2C188B925FA044900B86D82 /* Info.plist */ = {isa = PBXFileReference; lastKnownFileType = text.plist.xml; path = Info.plist; sourceTree = "<group>"; };
		D2C188E525FA0CCD00B86D82 /* secrets.xcconfig */ = {isa = PBXFileReference; lastKnownFileType = text.xcconfig; name = secrets.xcconfig; path = FontPickerApp/secrets.xcconfig; sourceTree = SOURCE_ROOT; };
/* End PBXFileReference section */

/* Begin PBXFrameworksBuildPhase section */
		D2C1889A25FA044900B86D82 /* Frameworks */ = {
			isa = PBXFrameworksBuildPhase;
			buildActionMask = 2147483647;
			files = (
				D22E7DAF25FE2F2100A18255 /* FontPickeriOS.framework in Frameworks */,
			);
			runOnlyForDeploymentPostprocessing = 0;
		};
		D2C188B025FA044900B86D82 /* Frameworks */ = {
			isa = PBXFrameworksBuildPhase;
			buildActionMask = 2147483647;
			files = (
			);
			runOnlyForDeploymentPostprocessing = 0;
		};
/* End PBXFrameworksBuildPhase section */

/* Begin PBXGroup section */
		D22E7D2D25FE0A9B00A18255 /* Frameworks */ = {
			isa = PBXGroup;
			children = (
				D22E7DAE25FE2F2100A18255 /* FontPickeriOS.framework */,
				D22E7D2E25FE0A9B00A18255 /* FontAppiOS.framework */,
			);
			name = Frameworks;
			sourceTree = "<group>";
		};
		D22E7D4425FE0C4400A18255 /* Helper */ = {
			isa = PBXGroup;
			children = (
				D22E7D5325FE136200A18255 /* AppFontStoreAdapter.swift */,
				D22E7D4D25FE0F0700A18255 /* FontStore.swift */,
				D22E7D3B25FE0C3D00A18255 /* FontFileLoaderCacheDecorator.swift */,
				D22E7D3C25FE0C3D00A18255 /* FontFileLoaderWithFallbackComposite.swift */,
				D22E7D3D25FE0C3D00A18255 /* FontLoaderCacheDecorator.swift */,
				D22E7D3E25FE0C3D00A18255 /* FontLoaderWithFallbackComposite.swift */,
			);
			path = Helper;
			sourceTree = "<group>";
		};
		D22E7D5925FE17D300A18255 /* Compose */ = {
			isa = PBXGroup;
			children = (
				D22E7D5B25FE17DD00A18255 /* FontImageDataPresentationAdapter.swift */,
				D22E7D5D25FE17DD00A18255 /* FontLoaderPresentationAdapter.swift */,
				D22E7D5E25FE17DD00A18255 /* FontUIComposer.swift */,
				D22E7D5F25FE17DD00A18255 /* FontViewAdapter.swift */,
				D22E7D5C25FE17DD00A18255 /* MainQueueDispatchDecorator.swift */,
				D22E7D5A25FE17DD00A18255 /* MustInjected.swift */,
				D22E7D6025FE17DD00A18255 /* WeakRefVirtualProxy.swift */,
			);
			path = Compose;
			sourceTree = "<group>";
		};
		D24F8D7425FE301100E1A21A /* Helpers */ = {
			isa = PBXGroup;
			children = (
				D24F8D7525FE301100E1A21A /* FontUIIntegrationTests+LoaderSpy.swift */,
				D24F8D7625FE301100E1A21A /* FontUIIntegrationTests+Localization.swift */,
				D24F8D7725FE301100E1A21A /* SharedTestHelpers.swift */,
				D24F8D7825FE301100E1A21A /* UIButton+TestHelpers.swift */,
				D24F8D7925FE301100E1A21A /* FontUIIntegrationTests+Assertions.swift */,
				D24F8D7A25FE301100E1A21A /* FontImageCell+TestHelpers.swift */,
				D24F8D7B25FE301100E1A21A /* InMemoryFontStore.swift */,
				D24F8D7C25FE301100E1A21A /* XCTestCase+MemoryLeakTracking.swift */,
				D24F8D7D25FE301100E1A21A /* UIImage+TestHelpers.swift */,
				D24F8D7E25FE301100E1A21A /* UIControl+TestHelpers.swift */,
				D24F8D7F25FE301100E1A21A /* HTTPClientStub.swift */,
				D24F8D8025FE301100E1A21A /* FontViewController+TestHelpers.swift */,
				D24F8D8125FE301100E1A21A /* UIView+TestHelpers.swift */,
				D24F8D8225FE301100E1A21A /* UIRefreshControl+TestHelpers.swift */,
			);
			path = Helpers;
			sourceTree = "<group>";
		};
		D2C1889425FA044900B86D82 = {
			isa = PBXGroup;
			children = (
				D2C1889F25FA044900B86D82 /* FontPickerApp */,
				D2C188B625FA044900B86D82 /* FontPickerAppTests */,
				D2C1889E25FA044900B86D82 /* Products */,
				D22E7D2D25FE0A9B00A18255 /* Frameworks */,
			);
			sourceTree = "<group>";
		};
		D2C1889E25FA044900B86D82 /* Products */ = {
			isa = PBXGroup;
			children = (
				D2C1889D25FA044900B86D82 /* FontPickerApp.app */,
				D2C188B325FA044900B86D82 /* FontPickerAppTests.xctest */,
			);
			name = Products;
			sourceTree = "<group>";
		};
		D2C1889F25FA044900B86D82 /* FontPickerApp */ = {
			isa = PBXGroup;
			children = (
				D2C188A025FA044900B86D82 /* AppDelegate.swift */,
				D2C188A225FA044900B86D82 /* SceneDelegate.swift */,
				D22E7D4A25FE0E1B00A18255 /* AppContainer.swift */,
				D2107A7525FE67370070EDA3 /* Logger.swift */,
				D2107A7925FE6C560070EDA3 /* UIFont+Data.swift */,
				D22E7D5025FE0FE100A18255 /* Root.swift */,
				D22E7D5925FE17D300A18255 /* Compose */,
				D22E7D4425FE0C4400A18255 /* Helper */,
				D2C188A625FA044900B86D82 /* Main.storyboard */,
				D2C188A925FA044900B86D82 /* Assets.xcassets */,
				D2C188AB25FA044900B86D82 /* LaunchScreen.storyboard */,
				D2C188E525FA0CCD00B86D82 /* secrets.xcconfig */,
				D2C188AE25FA044900B86D82 /* Info.plist */,
			);
			path = FontPickerApp;
			sourceTree = "<group>";
		};
		D2C188B625FA044900B86D82 /* FontPickerAppTests */ = {
			isa = PBXGroup;
			children = (
				D24F8D8325FE301100E1A21A /* FontAcceptanceTests.swift */,
				D24F8D8525FE301100E1A21A /* FontUIIntegrationTests.swift */,
				D24F8D7425FE301100E1A21A /* Helpers */,
				D24F8D8425FE301100E1A21A /* SceneDelegateTests.swift */,
				D2C188B725FA044900B86D82 /* FontPickerAppAPIEndToEndTests.swift */,
				D2C188B925FA044900B86D82 /* Info.plist */,
			);
			path = FontPickerAppTests;
			sourceTree = "<group>";
		};
/* End PBXGroup section */

/* Begin PBXNativeTarget section */
		D2C1889C25FA044900B86D82 /* FontPickerApp */ = {
			isa = PBXNativeTarget;
			buildConfigurationList = D2C188C725FA044900B86D82 /* Build configuration list for PBXNativeTarget "FontPickerApp" */;
			buildPhases = (
				D2C1889925FA044900B86D82 /* Sources */,
				D2C1889A25FA044900B86D82 /* Frameworks */,
				D2C1889B25FA044900B86D82 /* Resources */,
				D22E7DB125FE2F2100A18255 /* Embed Frameworks */,
			);
			buildRules = (
			);
			dependencies = (
			);
			name = FontPickerApp;
			productName = FontPickerApp;
			productReference = D2C1889D25FA044900B86D82 /* FontPickerApp.app */;
			productType = "com.apple.product-type.application";
		};
		D2C188B225FA044900B86D82 /* FontPickerAppTests */ = {
			isa = PBXNativeTarget;
			buildConfigurationList = D2C188CA25FA044900B86D82 /* Build configuration list for PBXNativeTarget "FontPickerAppTests" */;
			buildPhases = (
				D2C188AF25FA044900B86D82 /* Sources */,
				D2C188B025FA044900B86D82 /* Frameworks */,
				D2C188B125FA044900B86D82 /* Resources */,
			);
			buildRules = (
			);
			dependencies = (
				D2C188B525FA044900B86D82 /* PBXTargetDependency */,
			);
			name = FontPickerAppTests;
			productName = FontPickerAppTests;
			productReference = D2C188B325FA044900B86D82 /* FontPickerAppTests.xctest */;
			productType = "com.apple.product-type.bundle.unit-test";
		};
/* End PBXNativeTarget section */

/* Begin PBXProject section */
		D2C1889525FA044900B86D82 /* Project object */ = {
			isa = PBXProject;
			attributes = {
				LastSwiftUpdateCheck = 1240;
				LastUpgradeCheck = 1240;
				TargetAttributes = {
					D2C1889C25FA044900B86D82 = {
						CreatedOnToolsVersion = 12.4;
					};
					D2C188B225FA044900B86D82 = {
						CreatedOnToolsVersion = 12.4;
						TestTargetID = D2C1889C25FA044900B86D82;
					};
				};
			};
			buildConfigurationList = D2C1889825FA044900B86D82 /* Build configuration list for PBXProject "FontPickerApp" */;
			compatibilityVersion = "Xcode 9.3";
			developmentRegion = en;
			hasScannedForEncodings = 0;
			knownRegions = (
				en,
				Base,
				"zh-Hant",
			);
			mainGroup = D2C1889425FA044900B86D82;
			productRefGroup = D2C1889E25FA044900B86D82 /* Products */;
			projectDirPath = "";
			projectRoot = "";
			targets = (
				D2C1889C25FA044900B86D82 /* FontPickerApp */,
				D2C188B225FA044900B86D82 /* FontPickerAppTests */,
			);
		};
/* End PBXProject section */

/* Begin PBXResourcesBuildPhase section */
		D2C1889B25FA044900B86D82 /* Resources */ = {
			isa = PBXResourcesBuildPhase;
			buildActionMask = 2147483647;
			files = (
				D2C188AD25FA044900B86D82 /* LaunchScreen.storyboard in Resources */,
				D2C188AA25FA044900B86D82 /* Assets.xcassets in Resources */,
				D2C188A825FA044900B86D82 /* Main.storyboard in Resources */,
			);
			runOnlyForDeploymentPostprocessing = 0;
		};
		D2C188B125FA044900B86D82 /* Resources */ = {
			isa = PBXResourcesBuildPhase;
			buildActionMask = 2147483647;
			files = (
			);
			runOnlyForDeploymentPostprocessing = 0;
		};
/* End PBXResourcesBuildPhase section */

/* Begin PBXSourcesBuildPhase section */
		D2C1889925FA044900B86D82 /* Sources */ = {
			isa = PBXSourcesBuildPhase;
			buildActionMask = 2147483647;
			files = (
				D22E7D6125FE17DD00A18255 /* MustInjected.swift in Sources */,
				D22E7D4E25FE0F0700A18255 /* FontStore.swift in Sources */,
				D22E7D4B25FE0E1B00A18255 /* AppContainer.swift in Sources */,
				D22E7D4225FE0C3D00A18255 /* FontLoaderWithFallbackComposite.swift in Sources */,
				D22E7D4025FE0C3D00A18255 /* FontFileLoaderWithFallbackComposite.swift in Sources */,
				D22E7D6425FE17DD00A18255 /* FontLoaderPresentationAdapter.swift in Sources */,
				D22E7D3F25FE0C3D00A18255 /* FontFileLoaderCacheDecorator.swift in Sources */,
				D22E7D6225FE17DD00A18255 /* FontImageDataPresentationAdapter.swift in Sources */,
				D22E7D6525FE17DD00A18255 /* FontUIComposer.swift in Sources */,
				D22E7D6325FE17DD00A18255 /* MainQueueDispatchDecorator.swift in Sources */,
				D22E7D4125FE0C3D00A18255 /* FontLoaderCacheDecorator.swift in Sources */,
				D2107A7A25FE6C560070EDA3 /* UIFont+Data.swift in Sources */,
				D2C188A125FA044900B86D82 /* AppDelegate.swift in Sources */,
				D22E7D5425FE136200A18255 /* AppFontStoreAdapter.swift in Sources */,
				D2107A7625FE67370070EDA3 /* Logger.swift in Sources */,
				D22E7D6625FE17DD00A18255 /* FontViewAdapter.swift in Sources */,
				D2C188A325FA044900B86D82 /* SceneDelegate.swift in Sources */,
				D22E7D6725FE17DD00A18255 /* WeakRefVirtualProxy.swift in Sources */,
				D22E7D5125FE0FE100A18255 /* Root.swift in Sources */,
			);
			runOnlyForDeploymentPostprocessing = 0;
		};
		D2C188AF25FA044900B86D82 /* Sources */ = {
			isa = PBXSourcesBuildPhase;
			buildActionMask = 2147483647;
			files = (
				D24F8D9025FE301100E1A21A /* HTTPClientStub.swift in Sources */,
				D24F8D9325FE301100E1A21A /* UIRefreshControl+TestHelpers.swift in Sources */,
				D24F8D9425FE301100E1A21A /* FontAcceptanceTests.swift in Sources */,
				D24F8D8825FE301100E1A21A /* SharedTestHelpers.swift in Sources */,
				D24F8D9625FE301100E1A21A /* FontUIIntegrationTests.swift in Sources */,
				D24F8D8A25FE301100E1A21A /* FontUIIntegrationTests+Assertions.swift in Sources */,
				D24F8D9525FE301100E1A21A /* SceneDelegateTests.swift in Sources */,
				D24F8D8D25FE301100E1A21A /* XCTestCase+MemoryLeakTracking.swift in Sources */,
				D24F8D8F25FE301100E1A21A /* UIControl+TestHelpers.swift in Sources */,
				D24F8D8E25FE301100E1A21A /* UIImage+TestHelpers.swift in Sources */,
				D24F8D8925FE301100E1A21A /* UIButton+TestHelpers.swift in Sources */,
				D24F8D9125FE301100E1A21A /* FontViewController+TestHelpers.swift in Sources */,
				D24F8D9225FE301100E1A21A /* UIView+TestHelpers.swift in Sources */,
				D24F8D8C25FE301100E1A21A /* InMemoryFontStore.swift in Sources */,
				D24F8D8625FE301100E1A21A /* FontUIIntegrationTests+LoaderSpy.swift in Sources */,
				D2C188B825FA044900B86D82 /* FontPickerAppAPIEndToEndTests.swift in Sources */,
				D24F8D8B25FE301100E1A21A /* FontImageCell+TestHelpers.swift in Sources */,
				D24F8D8725FE301100E1A21A /* FontUIIntegrationTests+Localization.swift in Sources */,
			);
			runOnlyForDeploymentPostprocessing = 0;
		};
/* End PBXSourcesBuildPhase section */

/* Begin PBXTargetDependency section */
		D2C188B525FA044900B86D82 /* PBXTargetDependency */ = {
			isa = PBXTargetDependency;
			target = D2C1889C25FA044900B86D82 /* FontPickerApp */;
			targetProxy = D2C188B425FA044900B86D82 /* PBXContainerItemProxy */;
		};
/* End PBXTargetDependency section */

/* Begin PBXVariantGroup section */
		D2C188A625FA044900B86D82 /* Main.storyboard */ = {
			isa = PBXVariantGroup;
			children = (
				D2C188A725FA044900B86D82 /* Base */,
				D2107A8025FE7D860070EDA3 /* zh-Hant */,
			);
			name = Main.storyboard;
			sourceTree = "<group>";
		};
		D2C188AB25FA044900B86D82 /* LaunchScreen.storyboard */ = {
			isa = PBXVariantGroup;
			children = (
				D2C188AC25FA044900B86D82 /* Base */,
				D2107A8125FE7D860070EDA3 /* zh-Hant */,
			);
			name = LaunchScreen.storyboard;
			sourceTree = "<group>";
		};
/* End PBXVariantGroup section */

/* Begin XCBuildConfiguration section */
		D2C188C525FA044900B86D82 /* Debug */ = {
			isa = XCBuildConfiguration;
			buildSettings = {
				ALWAYS_SEARCH_USER_PATHS = NO;
				CLANG_ANALYZER_LOCALIZABILITY_NONLOCALIZED = YES;
				CLANG_ANALYZER_NONNULL = YES;
				CLANG_ANALYZER_NUMBER_OBJECT_CONVERSION = YES_AGGRESSIVE;
				CLANG_CXX_LANGUAGE_STANDARD = "gnu++14";
				CLANG_CXX_LIBRARY = "libc++";
				CLANG_ENABLE_MODULES = YES;
				CLANG_ENABLE_OBJC_ARC = YES;
				CLANG_ENABLE_OBJC_WEAK = YES;
				CLANG_WARN_BLOCK_CAPTURE_AUTORELEASING = YES;
				CLANG_WARN_BOOL_CONVERSION = YES;
				CLANG_WARN_COMMA = YES;
				CLANG_WARN_CONSTANT_CONVERSION = YES;
				CLANG_WARN_DEPRECATED_OBJC_IMPLEMENTATIONS = YES;
				CLANG_WARN_DIRECT_OBJC_ISA_USAGE = YES_ERROR;
				CLANG_WARN_DOCUMENTATION_COMMENTS = YES;
				CLANG_WARN_EMPTY_BODY = YES;
				CLANG_WARN_ENUM_CONVERSION = YES;
				CLANG_WARN_INFINITE_RECURSION = YES;
				CLANG_WARN_INT_CONVERSION = YES;
				CLANG_WARN_NON_LITERAL_NULL_CONVERSION = YES;
				CLANG_WARN_OBJC_IMPLICIT_RETAIN_SELF = YES;
				CLANG_WARN_OBJC_LITERAL_CONVERSION = YES;
				CLANG_WARN_OBJC_ROOT_CLASS = YES_ERROR;
				CLANG_WARN_QUOTED_INCLUDE_IN_FRAMEWORK_HEADER = YES;
				CLANG_WARN_RANGE_LOOP_ANALYSIS = YES;
				CLANG_WARN_STRICT_PROTOTYPES = YES;
				CLANG_WARN_SUSPICIOUS_MOVE = YES;
				CLANG_WARN_UNGUARDED_AVAILABILITY = YES_AGGRESSIVE;
				CLANG_WARN_UNREACHABLE_CODE = YES;
				CLANG_WARN__DUPLICATE_METHOD_MATCH = YES;
				COPY_PHASE_STRIP = NO;
				DEBUG_INFORMATION_FORMAT = dwarf;
				ENABLE_STRICT_OBJC_MSGSEND = YES;
				ENABLE_TESTABILITY = YES;
				GCC_C_LANGUAGE_STANDARD = gnu11;
				GCC_DYNAMIC_NO_PIC = NO;
				GCC_NO_COMMON_BLOCKS = YES;
				GCC_OPTIMIZATION_LEVEL = 0;
				GCC_PREPROCESSOR_DEFINITIONS = (
					"DEBUG=1",
					"$(inherited)",
				);
				GCC_WARN_64_TO_32_BIT_CONVERSION = YES;
				GCC_WARN_ABOUT_RETURN_TYPE = YES_ERROR;
				GCC_WARN_UNDECLARED_SELECTOR = YES;
				GCC_WARN_UNINITIALIZED_AUTOS = YES_AGGRESSIVE;
				GCC_WARN_UNUSED_FUNCTION = YES;
				GCC_WARN_UNUSED_VARIABLE = YES;
				IPHONEOS_DEPLOYMENT_TARGET = 14.4;
				MTL_ENABLE_DEBUG_INFO = INCLUDE_SOURCE;
				MTL_FAST_MATH = YES;
				ONLY_ACTIVE_ARCH = YES;
				SDKROOT = iphoneos;
				SWIFT_ACTIVE_COMPILATION_CONDITIONS = DEBUG;
				SWIFT_OPTIMIZATION_LEVEL = "-Onone";
			};
			name = Debug;
		};
		D2C188C625FA044900B86D82 /* Release */ = {
			isa = XCBuildConfiguration;
			buildSettings = {
				ALWAYS_SEARCH_USER_PATHS = NO;
				CLANG_ANALYZER_LOCALIZABILITY_NONLOCALIZED = YES;
				CLANG_ANALYZER_NONNULL = YES;
				CLANG_ANALYZER_NUMBER_OBJECT_CONVERSION = YES_AGGRESSIVE;
				CLANG_CXX_LANGUAGE_STANDARD = "gnu++14";
				CLANG_CXX_LIBRARY = "libc++";
				CLANG_ENABLE_MODULES = YES;
				CLANG_ENABLE_OBJC_ARC = YES;
				CLANG_ENABLE_OBJC_WEAK = YES;
				CLANG_WARN_BLOCK_CAPTURE_AUTORELEASING = YES;
				CLANG_WARN_BOOL_CONVERSION = YES;
				CLANG_WARN_COMMA = YES;
				CLANG_WARN_CONSTANT_CONVERSION = YES;
				CLANG_WARN_DEPRECATED_OBJC_IMPLEMENTATIONS = YES;
				CLANG_WARN_DIRECT_OBJC_ISA_USAGE = YES_ERROR;
				CLANG_WARN_DOCUMENTATION_COMMENTS = YES;
				CLANG_WARN_EMPTY_BODY = YES;
				CLANG_WARN_ENUM_CONVERSION = YES;
				CLANG_WARN_INFINITE_RECURSION = YES;
				CLANG_WARN_INT_CONVERSION = YES;
				CLANG_WARN_NON_LITERAL_NULL_CONVERSION = YES;
				CLANG_WARN_OBJC_IMPLICIT_RETAIN_SELF = YES;
				CLANG_WARN_OBJC_LITERAL_CONVERSION = YES;
				CLANG_WARN_OBJC_ROOT_CLASS = YES_ERROR;
				CLANG_WARN_QUOTED_INCLUDE_IN_FRAMEWORK_HEADER = YES;
				CLANG_WARN_RANGE_LOOP_ANALYSIS = YES;
				CLANG_WARN_STRICT_PROTOTYPES = YES;
				CLANG_WARN_SUSPICIOUS_MOVE = YES;
				CLANG_WARN_UNGUARDED_AVAILABILITY = YES_AGGRESSIVE;
				CLANG_WARN_UNREACHABLE_CODE = YES;
				CLANG_WARN__DUPLICATE_METHOD_MATCH = YES;
				COPY_PHASE_STRIP = NO;
				DEBUG_INFORMATION_FORMAT = "dwarf-with-dsym";
				ENABLE_NS_ASSERTIONS = NO;
				ENABLE_STRICT_OBJC_MSGSEND = YES;
				GCC_C_LANGUAGE_STANDARD = gnu11;
				GCC_NO_COMMON_BLOCKS = YES;
				GCC_WARN_64_TO_32_BIT_CONVERSION = YES;
				GCC_WARN_ABOUT_RETURN_TYPE = YES_ERROR;
				GCC_WARN_UNDECLARED_SELECTOR = YES;
				GCC_WARN_UNINITIALIZED_AUTOS = YES_AGGRESSIVE;
				GCC_WARN_UNUSED_FUNCTION = YES;
				GCC_WARN_UNUSED_VARIABLE = YES;
				IPHONEOS_DEPLOYMENT_TARGET = 14.4;
				MTL_ENABLE_DEBUG_INFO = NO;
				MTL_FAST_MATH = YES;
				SDKROOT = iphoneos;
				SWIFT_COMPILATION_MODE = wholemodule;
				SWIFT_OPTIMIZATION_LEVEL = "-O";
				VALIDATE_PRODUCT = YES;
			};
			name = Release;
		};
		D2C188C825FA044900B86D82 /* Debug */ = {
			isa = XCBuildConfiguration;
			baseConfigurationReference = D2C188E525FA0CCD00B86D82 /* secrets.xcconfig */;
			buildSettings = {
				ASSETCATALOG_COMPILER_APPICON_NAME = AppIcon;
				ASSETCATALOG_COMPILER_GLOBAL_ACCENT_COLOR_NAME = AccentColor;
				CODE_SIGN_STYLE = Automatic;
				DEVELOPMENT_TEAM = 3AMPL46LPV;
				INFOPLIST_FILE = FontPickerApp/Info.plist;
				IPHONEOS_DEPLOYMENT_TARGET = 13.0;
				LD_RUNPATH_SEARCH_PATHS = (
					"$(inherited)",
					"@executable_path/Frameworks",
				);
				PRODUCT_BUNDLE_IDENTIFIER = com.inkinyu.FontPickerApp;
				PRODUCT_NAME = "$(TARGET_NAME)";
				SWIFT_VERSION = 5.0;
				TARGETED_DEVICE_FAMILY = "1,2";
			};
			name = Debug;
		};
		D2C188C925FA044900B86D82 /* Release */ = {
			isa = XCBuildConfiguration;
			baseConfigurationReference = D2C188E525FA0CCD00B86D82 /* secrets.xcconfig */;
			buildSettings = {
				ASSETCATALOG_COMPILER_APPICON_NAME = AppIcon;
				ASSETCATALOG_COMPILER_GLOBAL_ACCENT_COLOR_NAME = AccentColor;
				CODE_SIGN_STYLE = Automatic;
				DEVELOPMENT_TEAM = 3AMPL46LPV;
				INFOPLIST_FILE = FontPickerApp/Info.plist;
				IPHONEOS_DEPLOYMENT_TARGET = 13.0;
				LD_RUNPATH_SEARCH_PATHS = (
					"$(inherited)",
					"@executable_path/Frameworks",
				);
				PRODUCT_BUNDLE_IDENTIFIER = com.inkinyu.FontPickerApp;
				PRODUCT_NAME = "$(TARGET_NAME)";
				SWIFT_VERSION = 5.0;
				TARGETED_DEVICE_FAMILY = "1,2";
			};
			name = Release;
		};
		D2C188CB25FA044900B86D82 /* Debug */ = {
			isa = XCBuildConfiguration;
			buildSettings = {
				ALWAYS_EMBED_SWIFT_STANDARD_LIBRARIES = YES;
				BUNDLE_LOADER = "$(TEST_HOST)";
				CODE_SIGN_STYLE = Automatic;
				DEVELOPMENT_TEAM = 3AMPL46LPV;
				INFOPLIST_FILE = FontPickerAppTests/Info.plist;
				IPHONEOS_DEPLOYMENT_TARGET = 14.4;
				LD_RUNPATH_SEARCH_PATHS = (
					"$(inherited)",
					"@executable_path/Frameworks",
					"@loader_path/Frameworks",
				);
				PRODUCT_BUNDLE_IDENTIFIER = com.inkinyu.FontPickerAppTests;
				PRODUCT_NAME = "$(TARGET_NAME)";
				SWIFT_VERSION = 5.0;
				TARGETED_DEVICE_FAMILY = "1,2";
				TEST_HOST = "$(BUILT_PRODUCTS_DIR)/FontPickerApp.app/FontPickerApp";
			};
			name = Debug;
		};
		D2C188CC25FA044900B86D82 /* Release */ = {
			isa = XCBuildConfiguration;
			buildSettings = {
				ALWAYS_EMBED_SWIFT_STANDARD_LIBRARIES = YES;
				BUNDLE_LOADER = "$(TEST_HOST)";
				CODE_SIGN_STYLE = Automatic;
				DEVELOPMENT_TEAM = 3AMPL46LPV;
				INFOPLIST_FILE = FontPickerAppTests/Info.plist;
				IPHONEOS_DEPLOYMENT_TARGET = 14.4;
				LD_RUNPATH_SEARCH_PATHS = (
					"$(inherited)",
					"@executable_path/Frameworks",
					"@loader_path/Frameworks",
				);
				PRODUCT_BUNDLE_IDENTIFIER = com.inkinyu.FontPickerAppTests;
				PRODUCT_NAME = "$(TARGET_NAME)";
				SWIFT_VERSION = 5.0;
				TARGETED_DEVICE_FAMILY = "1,2";
				TEST_HOST = "$(BUILT_PRODUCTS_DIR)/FontPickerApp.app/FontPickerApp";
			};
			name = Release;
		};
/* End XCBuildConfiguration section */

/* Begin XCConfigurationList section */
		D2C1889825FA044900B86D82 /* Build configuration list for PBXProject "FontPickerApp" */ = {
			isa = XCConfigurationList;
			buildConfigurations = (
				D2C188C525FA044900B86D82 /* Debug */,
				D2C188C625FA044900B86D82 /* Release */,
			);
			defaultConfigurationIsVisible = 0;
			defaultConfigurationName = Release;
		};
		D2C188C725FA044900B86D82 /* Build configuration list for PBXNativeTarget "FontPickerApp" */ = {
			isa = XCConfigurationList;
			buildConfigurations = (
				D2C188C825FA044900B86D82 /* Debug */,
				D2C188C925FA044900B86D82 /* Release */,
			);
			defaultConfigurationIsVisible = 0;
			defaultConfigurationName = Release;
		};
		D2C188CA25FA044900B86D82 /* Build configuration list for PBXNativeTarget "FontPickerAppTests" */ = {
			isa = XCConfigurationList;
			buildConfigurations = (
				D2C188CB25FA044900B86D82 /* Debug */,
				D2C188CC25FA044900B86D82 /* Release */,
			);
			defaultConfigurationIsVisible = 0;
			defaultConfigurationName = Release;
		};
/* End XCConfigurationList section */
	};
	rootObject = D2C1889525FA044900B86D82 /* Project object */;
}
